// !$*UTF8*$!
{
	archiveVersion = 1;
	classes = {
	};
	objectVersion = 55;
	objects = {

/* Begin PBXBuildFile section */
		028DC11C79473800E3E5064B1A79CB16 /* NewsListUITests.swift in Sources */ = {isa = PBXBuildFile; fileRef = 9C4B9C969184F107C308797B3A7F3B3A /* NewsListUITests.swift */; };
		0555674854433E16A0B3EE0E /* Pods_TimesAppTests.framework in Frameworks */ = {isa = PBXBuildFile; fileRef = 3716A90901D781820BBEC70D /* Pods_TimesAppTests.framework */; };
		14C77CF79A1F2631E950EF8D6476623D /* MainVC.swift in Sources */ = {isa = PBXBuildFile; fileRef = 8D96E3AEC0923029C580AC83651773C3 /* MainVC.swift */; };
		191D46200D80CFEC2CD4CADCB348A1BD /* NewsListVM.swift in Sources */ = {isa = PBXBuildFile; fileRef = E7088547AC33340620955D05197C4FBE /* NewsListVM.swift */; };
		25442659A39BE7BE3C237D2A3BD3BF36 /* NewsListVCTests.swift in Sources */ = {isa = PBXBuildFile; fileRef = 7FB840EB47BDD8F3C8AA8EDABBC19DF9 /* NewsListVCTests.swift */; };
		2F261B58AE7C0D1DAF1FD2B06D90938F /* EndPoints.swift in Sources */ = {isa = PBXBuildFile; fileRef = 41F220EF38D8C3B1950B9258CE85F017 /* EndPoints.swift */; };
		379EE50AFD1011672F7A3E1842324E75 /* Mockable.swift in Sources */ = {isa = PBXBuildFile; fileRef = 36985C71C6CD6B4A2AE6729383E2DD12 /* Mockable.swift */; };
		4677718358057971B1859C984AFD469F /* UIColor+Ext.swift in Sources */ = {isa = PBXBuildFile; fileRef = CF61428DDAACEB72DD35F0AA67AB5968 /* UIColor+Ext.swift */; };
		48CAA6F16C4AF4B7B2CEC18930F0DCC8 /* Pods_TimesApp.framework in Frameworks */ = {isa = PBXBuildFile; fileRef = 722D226D45EB0B56EE9877917F7E9C8E /* Pods_TimesApp.framework */; };
		4DADFE1F78F9160E6C2A2F91AA4883DE /* NetworkManager.swift in Sources */ = {isa = PBXBuildFile; fileRef = 6683B6410B081546318649C8CC4CBCB5 /* NetworkManager.swift */; };
		502D89E95C9F855C2DDE94F0356AABA0 /* LaunchScreen.storyboard in Resources */ = {isa = PBXBuildFile; fileRef = EA3F1A7DC71AFC7CCD027A884C7E886F /* LaunchScreen.storyboard */; };
		519183E2EA71B96B8CD4EB09D57FB5F7 /* NewsTVCell.xib in Resources */ = {isa = PBXBuildFile; fileRef = 6C4DADC002AF6790FF76453CDC75C017 /* NewsTVCell.xib */; };
		6284E7234E3CB46FFD0BA717BC7FA353 /* NewsTVCell.swift in Sources */ = {isa = PBXBuildFile; fileRef = 6294A1A642D483857B4A46F7B493C9A7 /* NewsTVCell.swift */; };
		67581DF5843CF29F692A743F048B3BA8 /* Assets.xcassets in Resources */ = {isa = PBXBuildFile; fileRef = CC4FCD41560C356391650CAE8BF562B4 /* Assets.xcassets */; };
		6894AEF1A2669F09A73623AB5ED6E66D /* UIFont+Ext.swift in Sources */ = {isa = PBXBuildFile; fileRef = 77044F05D7DC4C43A0E00C7ED904C2C8 /* UIFont+Ext.swift */; };
		81D7B410824568E2C64B756A7052CF28 /* StringProtocol+Ext.swift in Sources */ = {isa = PBXBuildFile; fileRef = 4F4A201DC44D0D0E6804E2E0A1ABFF79 /* StringProtocol+Ext.swift */; };
		858A7288BD7EBAC1AACA38A4D9ADDC02 /* NewsList.swift in Sources */ = {isa = PBXBuildFile; fileRef = 1F1A7E2B52FC30902DCDD55785AA2B1D /* NewsList.swift */; };
		A406A9ED287FC281006A71E6 /* AccessibilityIdentifier.swift in Sources */ = {isa = PBXBuildFile; fileRef = DD34FC83B49117FAD5F3EDDD5C9C715F /* AccessibilityIdentifier.swift */; };
		A406A9EE287FC282006A71E6 /* AccessibilityIdentifier.swift in Sources */ = {isa = PBXBuildFile; fileRef = DD34FC83B49117FAD5F3EDDD5C9C715F /* AccessibilityIdentifier.swift */; };
		A406A9EF287FC283006A71E6 /* AccessibilityIdentifier.swift in Sources */ = {isa = PBXBuildFile; fileRef = DD34FC83B49117FAD5F3EDDD5C9C715F /* AccessibilityIdentifier.swift */; };
		A406A9F5287FC388006A71E6 /* MainUITest.swift in Sources */ = {isa = PBXBuildFile; fileRef = A406A9F4287FC388006A71E6 /* MainUITest.swift */; };
		A7CD494D4B32C869377B1832C4C585F8 /* UITableViewCell+Ext.swift in Sources */ = {isa = PBXBuildFile; fileRef = 1D38189EDBE253BBBF5D0FA2694F4313 /* UITableViewCell+Ext.swift */; };
		AC2D7F7EFF75803EC924ED723C7AC811 /* UITableView+Ext.swift in Sources */ = {isa = PBXBuildFile; fileRef = 36B067E415647249FCADB7DD64664909 /* UITableView+Ext.swift */; };
		BD6EFF5090874B3F5721D1653976EE73 /* UIStoryboard+Ext.swift in Sources */ = {isa = PBXBuildFile; fileRef = 9CB947D04FEA974823FA9F33B341A23F /* UIStoryboard+Ext.swift */; };
		BE115B4F2C26F0F2128A1CF38BC9F36F /* MockNetworkManager.swift in Sources */ = {isa = PBXBuildFile; fileRef = 7416DEC8D6E5A2C3CC0F85F161D0D6F8 /* MockNetworkManager.swift */; };
		BFB3D2C13627ACF49036E4B88E0BD4FD /* SceneDelegate.swift in Sources */ = {isa = PBXBuildFile; fileRef = 51CB76230D855E8A4A5F1A79BB62AC4B /* SceneDelegate.swift */; };
		CE67369D6F2ABC8AFE57409691D957D2 /* Configurations.swift in Sources */ = {isa = PBXBuildFile; fileRef = 68372017CDF4DFDBBA2634AA467F20AC /* Configurations.swift */; };
		D00B65779ABAE7F6BB07F21C808F33AF /* NewsListVMTests.swift in Sources */ = {isa = PBXBuildFile; fileRef = 6A41D8B85382F698ED1947A4906763FB /* NewsListVMTests.swift */; };
		D0553F59B69C3F7886B7671E867D7079 /* TableViewIdentifier.swift in Sources */ = {isa = PBXBuildFile; fileRef = D4027475D23DE0895237E8C208B712A6 /* TableViewIdentifier.swift */; };
		D077AA300318A15214E94C259CF0C92D /* MainVCTests.swift in Sources */ = {isa = PBXBuildFile; fileRef = 595D4AD8691860063453B529BD198549 /* MainVCTests.swift */; };
		D7B6DF7A8D15C61E54DA5C302DEE8E76 /* .swiftlint.yml in Resources */ = {isa = PBXBuildFile; fileRef = 2A381E973302A034FB470BDD5D253E8D /* .swiftlint.yml */; };
		E1CD934E935667B5B56F53A33EE724F7 /* News.json in Resources */ = {isa = PBXBuildFile; fileRef = BF2868B35E6456B2637253B59EF2257F /* News.json */; };
		EBBA4F598F5A9D642B262FCBA0C974FB /* AppDelegate.swift in Sources */ = {isa = PBXBuildFile; fileRef = 72E0D1AFAA5E0EC7BBEFEB408CC93C95 /* AppDelegate.swift */; };
		EE9256B15E5956BC5F82D6E78787142C /* BaseVC.swift in Sources */ = {isa = PBXBuildFile; fileRef = 7E11224FF86B35C60E08D6DB438C3265 /* BaseVC.swift */; };
		F6F8C0D20B7B11C31F7C36AB1A39636E /* NewsListVC.swift in Sources */ = {isa = PBXBuildFile; fileRef = 937ABF70AF470911E78DB518ADFD1889 /* NewsListVC.swift */; };
		F7214EAD150A8664FD6668ECC04E89D2 /* Main.storyboard in Resources */ = {isa = PBXBuildFile; fileRef = 42758595B943E4EE930063DE3854B159 /* Main.storyboard */; };
		F944FBE9CF01C015B51704ACE962792B /* TimesAppUITestsLaunchTests.swift in Sources */ = {isa = PBXBuildFile; fileRef = 2B3E602B7A0D6F84EC617F9DFF790E2B /* TimesAppUITestsLaunchTests.swift */; };
		FCB6D7548BF8636E51B96C2744C60151 /* UIView+Ext.swift in Sources */ = {isa = PBXBuildFile; fileRef = DD90EB086F98CE8AEECBBD953157BA06 /* UIView+Ext.swift */; };
/* End PBXBuildFile section */

/* Begin PBXContainerItemProxy section */
		3AAC5B6F9C3081B567D7C028137CEC70 /* PBXContainerItemProxy */ = {
			isa = PBXContainerItemProxy;
			containerPortal = 09031419B431DF971039E178FA77C8C8 /* Project object */;
			proxyType = 1;
			remoteGlobalIDString = 567EFA28F5B7432A52963D6B99783844;
			remoteInfo = TimesApp;
		};
		AC59B2CBAA78B03E97C778461FD1F2E0 /* PBXContainerItemProxy */ = {
			isa = PBXContainerItemProxy;
			containerPortal = 09031419B431DF971039E178FA77C8C8 /* Project object */;
			proxyType = 1;
			remoteGlobalIDString = 567EFA28F5B7432A52963D6B99783844;
			remoteInfo = TimesApp;
		};
/* End PBXContainerItemProxy section */

/* Begin PBXFileReference section */
		1A3FA828CE682522E2493F6E6C100210 /* Pods-TimesApp.release.xcconfig */ = {isa = PBXFileReference; includeInIndex = 1; lastKnownFileType = text.xcconfig; name = "Pods-TimesApp.release.xcconfig"; path = "Target Support Files/Pods-TimesApp/Pods-TimesApp.release.xcconfig"; sourceTree = "<group>"; };
		1D38189EDBE253BBBF5D0FA2694F4313 /* UITableViewCell+Ext.swift */ = {isa = PBXFileReference; lastKnownFileType = sourcecode.swift; path = "UITableViewCell+Ext.swift"; sourceTree = "<group>"; };
		1F1A7E2B52FC30902DCDD55785AA2B1D /* NewsList.swift */ = {isa = PBXFileReference; lastKnownFileType = sourcecode.swift; path = NewsList.swift; sourceTree = "<group>"; };
		2A381E973302A034FB470BDD5D253E8D /* .swiftlint.yml */ = {isa = PBXFileReference; lastKnownFileType = text.yaml; path = .swiftlint.yml; sourceTree = "<group>"; };
		2B3E602B7A0D6F84EC617F9DFF790E2B /* TimesAppUITestsLaunchTests.swift */ = {isa = PBXFileReference; lastKnownFileType = sourcecode.swift; path = TimesAppUITestsLaunchTests.swift; sourceTree = "<group>"; };
		36985C71C6CD6B4A2AE6729383E2DD12 /* Mockable.swift */ = {isa = PBXFileReference; lastKnownFileType = sourcecode.swift; path = Mockable.swift; sourceTree = "<group>"; };
		36B067E415647249FCADB7DD64664909 /* UITableView+Ext.swift */ = {isa = PBXFileReference; lastKnownFileType = sourcecode.swift; path = "UITableView+Ext.swift"; sourceTree = "<group>"; };
		3716A90901D781820BBEC70D /* Pods_TimesAppTests.framework */ = {isa = PBXFileReference; explicitFileType = wrapper.framework; includeInIndex = 0; path = Pods_TimesAppTests.framework; sourceTree = BUILT_PRODUCTS_DIR; };
		3DFCE19620C5C38986A1A749 /* Pods-TimesAppTests.release.xcconfig */ = {isa = PBXFileReference; includeInIndex = 1; lastKnownFileType = text.xcconfig; name = "Pods-TimesAppTests.release.xcconfig"; path = "Target Support Files/Pods-TimesAppTests/Pods-TimesAppTests.release.xcconfig"; sourceTree = "<group>"; };
		41F220EF38D8C3B1950B9258CE85F017 /* EndPoints.swift */ = {isa = PBXFileReference; lastKnownFileType = sourcecode.swift; path = EndPoints.swift; sourceTree = "<group>"; };
		4F4A201DC44D0D0E6804E2E0A1ABFF79 /* StringProtocol+Ext.swift */ = {isa = PBXFileReference; lastKnownFileType = sourcecode.swift; path = "StringProtocol+Ext.swift"; sourceTree = "<group>"; };
		51CB76230D855E8A4A5F1A79BB62AC4B /* SceneDelegate.swift */ = {isa = PBXFileReference; lastKnownFileType = sourcecode.swift; path = SceneDelegate.swift; sourceTree = "<group>"; };
		595D4AD8691860063453B529BD198549 /* MainVCTests.swift */ = {isa = PBXFileReference; lastKnownFileType = sourcecode.swift; path = MainVCTests.swift; sourceTree = "<group>"; };
		6294A1A642D483857B4A46F7B493C9A7 /* NewsTVCell.swift */ = {isa = PBXFileReference; lastKnownFileType = sourcecode.swift; path = NewsTVCell.swift; sourceTree = "<group>"; };
		6683B6410B081546318649C8CC4CBCB5 /* NetworkManager.swift */ = {isa = PBXFileReference; lastKnownFileType = sourcecode.swift; path = NetworkManager.swift; sourceTree = "<group>"; };
		68372017CDF4DFDBBA2634AA467F20AC /* Configurations.swift */ = {isa = PBXFileReference; lastKnownFileType = sourcecode.swift; path = Configurations.swift; sourceTree = "<group>"; };
		6A41D8B85382F698ED1947A4906763FB /* NewsListVMTests.swift */ = {isa = PBXFileReference; lastKnownFileType = sourcecode.swift; path = NewsListVMTests.swift; sourceTree = "<group>"; };
		6C4DADC002AF6790FF76453CDC75C017 /* NewsTVCell.xib */ = {isa = PBXFileReference; lastKnownFileType = file.xib; path = NewsTVCell.xib; sourceTree = "<group>"; };
		6EA4484145A9FD84CDC4CD187687A317 /* TimesAppUITests.xctest */ = {isa = PBXFileReference; explicitFileType = wrapper.cfbundle; includeInIndex = 0; path = TimesAppUITests.xctest; sourceTree = BUILT_PRODUCTS_DIR; };
		703BCA9905F238EA60F0A470846870B1 /* Base */ = {isa = PBXFileReference; lastKnownFileType = file.storyboard; name = Base; path = Base.lproj/Main.storyboard; sourceTree = "<group>"; };
		722D226D45EB0B56EE9877917F7E9C8E /* Pods_TimesApp.framework */ = {isa = PBXFileReference; explicitFileType = wrapper.framework; includeInIndex = 0; path = Pods_TimesApp.framework; sourceTree = BUILT_PRODUCTS_DIR; };
		72E0D1AFAA5E0EC7BBEFEB408CC93C95 /* AppDelegate.swift */ = {isa = PBXFileReference; lastKnownFileType = sourcecode.swift; path = AppDelegate.swift; sourceTree = "<group>"; };
		7416DEC8D6E5A2C3CC0F85F161D0D6F8 /* MockNetworkManager.swift */ = {isa = PBXFileReference; lastKnownFileType = sourcecode.swift; path = MockNetworkManager.swift; sourceTree = "<group>"; };
		77044F05D7DC4C43A0E00C7ED904C2C8 /* UIFont+Ext.swift */ = {isa = PBXFileReference; lastKnownFileType = sourcecode.swift; path = "UIFont+Ext.swift"; sourceTree = "<group>"; };
		7E11224FF86B35C60E08D6DB438C3265 /* BaseVC.swift */ = {isa = PBXFileReference; lastKnownFileType = sourcecode.swift; path = BaseVC.swift; sourceTree = "<group>"; };
		7FB840EB47BDD8F3C8AA8EDABBC19DF9 /* NewsListVCTests.swift */ = {isa = PBXFileReference; lastKnownFileType = sourcecode.swift; path = NewsListVCTests.swift; sourceTree = "<group>"; };
		8D96E3AEC0923029C580AC83651773C3 /* MainVC.swift */ = {isa = PBXFileReference; lastKnownFileType = sourcecode.swift; path = MainVC.swift; sourceTree = "<group>"; };
		937ABF70AF470911E78DB518ADFD1889 /* NewsListVC.swift */ = {isa = PBXFileReference; lastKnownFileType = sourcecode.swift; path = NewsListVC.swift; sourceTree = "<group>"; };
		9C4B9C969184F107C308797B3A7F3B3A /* NewsListUITests.swift */ = {isa = PBXFileReference; lastKnownFileType = sourcecode.swift; path = NewsListUITests.swift; sourceTree = "<group>"; };
		9CB947D04FEA974823FA9F33B341A23F /* UIStoryboard+Ext.swift */ = {isa = PBXFileReference; lastKnownFileType = sourcecode.swift; path = "UIStoryboard+Ext.swift"; sourceTree = "<group>"; };
		A406A9F4287FC388006A71E6 /* MainUITest.swift */ = {isa = PBXFileReference; lastKnownFileType = sourcecode.swift; path = MainUITest.swift; sourceTree = "<group>"; };
		B08D9FD8A5990FAFF0E38BA2 /* Pods-TimesAppTests.debug.xcconfig */ = {isa = PBXFileReference; includeInIndex = 1; lastKnownFileType = text.xcconfig; name = "Pods-TimesAppTests.debug.xcconfig"; path = "Target Support Files/Pods-TimesAppTests/Pods-TimesAppTests.debug.xcconfig"; sourceTree = "<group>"; };
		BF2868B35E6456B2637253B59EF2257F /* News.json */ = {isa = PBXFileReference; fileEncoding = 4; lastKnownFileType = text.json; path = News.json; sourceTree = "<group>"; };
		CC3434A8531D5F47310B57B26C81192F /* Base */ = {isa = PBXFileReference; lastKnownFileType = file.storyboard; name = Base; path = Base.lproj/LaunchScreen.storyboard; sourceTree = "<group>"; };
		CC4FCD41560C356391650CAE8BF562B4 /* Assets.xcassets */ = {isa = PBXFileReference; lastKnownFileType = folder.assetcatalog; path = Assets.xcassets; sourceTree = "<group>"; };
		CF61428DDAACEB72DD35F0AA67AB5968 /* UIColor+Ext.swift */ = {isa = PBXFileReference; lastKnownFileType = sourcecode.swift; path = "UIColor+Ext.swift"; sourceTree = "<group>"; };
		D08520C2C2019DC2FA640D87FE996A03 /* Info.plist */ = {isa = PBXFileReference; lastKnownFileType = text.plist.xml; path = Info.plist; sourceTree = "<group>"; };
		D4027475D23DE0895237E8C208B712A6 /* TableViewIdentifier.swift */ = {isa = PBXFileReference; lastKnownFileType = sourcecode.swift; path = TableViewIdentifier.swift; sourceTree = "<group>"; };
		DD34FC83B49117FAD5F3EDDD5C9C715F /* AccessibilityIdentifier.swift */ = {isa = PBXFileReference; lastKnownFileType = sourcecode.swift; path = AccessibilityIdentifier.swift; sourceTree = "<group>"; };
		DD90EB086F98CE8AEECBBD953157BA06 /* UIView+Ext.swift */ = {isa = PBXFileReference; lastKnownFileType = sourcecode.swift; path = "UIView+Ext.swift"; sourceTree = "<group>"; };
		E27ECEAA8FCBD4B641D54AAC707C0901 /* TimesApp.app */ = {isa = PBXFileReference; explicitFileType = wrapper.application; includeInIndex = 0; path = TimesApp.app; sourceTree = BUILT_PRODUCTS_DIR; };
		E7088547AC33340620955D05197C4FBE /* NewsListVM.swift */ = {isa = PBXFileReference; lastKnownFileType = sourcecode.swift; path = NewsListVM.swift; sourceTree = "<group>"; };
		E8D383BECE63DB9D3E671432CE235225 /* Pods-TimesApp.debug.xcconfig */ = {isa = PBXFileReference; includeInIndex = 1; lastKnownFileType = text.xcconfig; name = "Pods-TimesApp.debug.xcconfig"; path = "Target Support Files/Pods-TimesApp/Pods-TimesApp.debug.xcconfig"; sourceTree = "<group>"; };
		ECB889932C39C4BC406FD87CD48934B9 /* TimesAppTests.xctest */ = {isa = PBXFileReference; explicitFileType = wrapper.cfbundle; includeInIndex = 0; path = TimesAppTests.xctest; sourceTree = BUILT_PRODUCTS_DIR; };
/* End PBXFileReference section */

/* Begin PBXFrameworksBuildPhase section */
		96CF7753D75BD818E5E169A2CF6239D9 /* Frameworks */ = {
			isa = PBXFrameworksBuildPhase;
			buildActionMask = 2147483647;
			files = (
				48CAA6F16C4AF4B7B2CEC18930F0DCC8 /* Pods_TimesApp.framework in Frameworks */,
			);
			runOnlyForDeploymentPostprocessing = 0;
		};
		9DE8E2B4952C876EC80068B8474110D9 /* Frameworks */ = {
			isa = PBXFrameworksBuildPhase;
			buildActionMask = 2147483647;
			files = (
				0555674854433E16A0B3EE0E /* Pods_TimesAppTests.framework in Frameworks */,
			);
			runOnlyForDeploymentPostprocessing = 0;
		};
		CD8DB0ECDF4B9E27B586DB1571317572 /* Frameworks */ = {
			isa = PBXFrameworksBuildPhase;
			buildActionMask = 2147483647;
			files = (
			);
			runOnlyForDeploymentPostprocessing = 0;
		};
/* End PBXFrameworksBuildPhase section */

/* Begin PBXGroup section */
		003BCA6A462EDB5B6EED0D2DE480F0FF /* 01. MainVC */ = {
			isa = PBXGroup;
			children = (
				595D4AD8691860063453B529BD198549 /* MainVCTests.swift */,
			);
			path = "01. MainVC";
			sourceTree = "<group>";
		};
		06F29F0002AF8AEF75B8BAE4FBB83685 /* Extensions */ = {
			isa = PBXGroup;
			children = (
				4F4A201DC44D0D0E6804E2E0A1ABFF79 /* StringProtocol+Ext.swift */,
				CF61428DDAACEB72DD35F0AA67AB5968 /* UIColor+Ext.swift */,
				77044F05D7DC4C43A0E00C7ED904C2C8 /* UIFont+Ext.swift */,
				36B067E415647249FCADB7DD64664909 /* UITableView+Ext.swift */,
				1D38189EDBE253BBBF5D0FA2694F4313 /* UITableViewCell+Ext.swift */,
				DD90EB086F98CE8AEECBBD953157BA06 /* UIView+Ext.swift */,
			);
			path = Extensions;
			sourceTree = "<group>";
		};
		08370A3C5F6C4CA2D656D6EE0590E986 /* Presentation */ = {
			isa = PBXGroup;
			children = (
				A406A9EA287FBBA0006A71E6 /* View Controllers */,
				946486C5C2D364EB7C167FF1061D110A /* Utils */,
			);
			path = Presentation;
			sourceTree = "<group>";
		};
		0A738ACEB54358C9313CEEBD295B08E5 /* 01. MainVC */ = {
			isa = PBXGroup;
			children = (
				8D96E3AEC0923029C580AC83651773C3 /* MainVC.swift */,
			);
			path = "01. MainVC";
			sourceTree = "<group>";
		};
		0A75204CE001A432AB6E7A8C656924DE /* Presentation */ = {
			isa = PBXGroup;
			children = (
				F55A2A502E7530C89F6305A0E9BDE081 /* Utils */,
				46600943193F106AD68D1C7E403D3DB5 /* View Controllers */,
			);
			path = Presentation;
			sourceTree = "<group>";
		};
		0DEF1949CD9A5C17ED12A76A91516A41 /* TimesAppUITests */ = {
			isa = PBXGroup;
			children = (
				A406A9F0287FC2FF006A71E6 /* Presentation */,
				2B3E602B7A0D6F84EC617F9DFF790E2B /* TimesAppUITestsLaunchTests.swift */,
			);
			path = TimesAppUITests;
			sourceTree = "<group>";
		};
		13F482EEE20971C54C3494F9FEC5573D /* Constants */ = {
			isa = PBXGroup;
			children = (
				DD34FC83B49117FAD5F3EDDD5C9C715F /* AccessibilityIdentifier.swift */,
				D4027475D23DE0895237E8C208B712A6 /* TableViewIdentifier.swift */,
			);
			path = Constants;
			sourceTree = "<group>";
		};
		1557E0BFD77BB976DF8C1ADA074EC154 /* Network Manager */ = {
			isa = PBXGroup;
			children = (
				41F220EF38D8C3B1950B9258CE85F017 /* EndPoints.swift */,
				6683B6410B081546318649C8CC4CBCB5 /* NetworkManager.swift */,
			);
			path = "Network Manager";
			sourceTree = "<group>";
		};
		1BC66E146BD1DC2E62D52CEA2B895058 /* Network Manager */ = {
			isa = PBXGroup;
			children = (
				7416DEC8D6E5A2C3CC0F85F161D0D6F8 /* MockNetworkManager.swift */,
			);
			path = "Network Manager";
			sourceTree = "<group>";
		};
		225DDF5669A74FCDE509AF207855B6D2 /* 02. NewsListVC */ = {
			isa = PBXGroup;
			children = (
				BF2868B35E6456B2637253B59EF2257F /* News.json */,
				7FB840EB47BDD8F3C8AA8EDABBC19DF9 /* NewsListVCTests.swift */,
				6A41D8B85382F698ED1947A4906763FB /* NewsListVMTests.swift */,
			);
			path = "02. NewsListVC";
			sourceTree = "<group>";
		};
		38DCFCD5B11AB9DF9D98A7739E2852A5 /* TimesAppTests */ = {
			isa = PBXGroup;
			children = (
				DFFB04D207450260505A1EAB15CF800C /* Infrastructure */,
				08370A3C5F6C4CA2D656D6EE0590E986 /* Presentation */,
			);
			path = TimesAppTests;
			sourceTree = "<group>";
		};
		3F1154BCAC0DC94536343CC613C3718C /* Frameworks */ = {
			isa = PBXGroup;
			children = (
				722D226D45EB0B56EE9877917F7E9C8E /* Pods_TimesApp.framework */,
				3716A90901D781820BBEC70D /* Pods_TimesAppTests.framework */,
			);
			name = Frameworks;
			sourceTree = "<group>";
		};
		43E2991626D238F70C52BEE27FA8EF67 /* 02. ListVC */ = {
			isa = PBXGroup;
			children = (
				AF3F8AA72CE204DE33CEED73E8EDC0EF /* Custom Views */,
				937ABF70AF470911E78DB518ADFD1889 /* NewsListVC.swift */,
				E7088547AC33340620955D05197C4FBE /* NewsListVM.swift */,
			);
			path = "02. ListVC";
			sourceTree = "<group>";
		};
		45E086E827F0022BA9B11A6FD1674456 /* Infrastructure */ = {
			isa = PBXGroup;
			children = (
				1557E0BFD77BB976DF8C1ADA074EC154 /* Network Manager */,
			);
			path = Infrastructure;
			sourceTree = "<group>";
		};
		46600943193F106AD68D1C7E403D3DB5 /* View Controllers */ = {
			isa = PBXGroup;
			children = (
				0A738ACEB54358C9313CEEBD295B08E5 /* 01. MainVC */,
				43E2991626D238F70C52BEE27FA8EF67 /* 02. ListVC */,
				7E11224FF86B35C60E08D6DB438C3265 /* BaseVC.swift */,
			);
			path = "View Controllers";
			sourceTree = "<group>";
		};
		50EF20DF1255408918CE4B71B185EE3F /* Pods */ = {
			isa = PBXGroup;
			children = (
				E8D383BECE63DB9D3E671432CE235225 /* Pods-TimesApp.debug.xcconfig */,
				1A3FA828CE682522E2493F6E6C100210 /* Pods-TimesApp.release.xcconfig */,
				B08D9FD8A5990FAFF0E38BA2 /* Pods-TimesAppTests.debug.xcconfig */,
				3DFCE19620C5C38986A1A749 /* Pods-TimesAppTests.release.xcconfig */,
			);
			path = Pods;
			sourceTree = "<group>";
		};
		55BE76DA8DA2896D0B8F9098D3BED27B /* Protocols */ = {
			isa = PBXGroup;
			children = (
				9CB947D04FEA974823FA9F33B341A23F /* UIStoryboard+Ext.swift */,
			);
			path = Protocols;
			sourceTree = "<group>";
		};
		6948B4D01589DD956CC6D02DBBB9AB98 /* Entities */ = {
			isa = PBXGroup;
			children = (
				1F1A7E2B52FC30902DCDD55785AA2B1D /* NewsList.swift */,
			);
			path = Entities;
			sourceTree = "<group>";
		};
		76B57AC440E5C1B736DCA713C49AFB9E /* TimesApp */ = {
			isa = PBXGroup;
			children = (
				B7DF397BEE07D810E4E697593DE8C190 /* Configurations */,
				E670DDC6D5FA2D37C9DCB7B83E7C1F9E /* Domain */,
				45E086E827F0022BA9B11A6FD1674456 /* Infrastructure */,
				0A75204CE001A432AB6E7A8C656924DE /* Presentation */,
				72E0D1AFAA5E0EC7BBEFEB408CC93C95 /* AppDelegate.swift */,
				51CB76230D855E8A4A5F1A79BB62AC4B /* SceneDelegate.swift */,
				CC4FCD41560C356391650CAE8BF562B4 /* Assets.xcassets */,
				D08520C2C2019DC2FA640D87FE996A03 /* Info.plist */,
				EA3F1A7DC71AFC7CCD027A884C7E886F /* LaunchScreen.storyboard */,
				42758595B943E4EE930063DE3854B159 /* Main.storyboard */,
			);
			path = TimesApp;
			sourceTree = "<group>";
		};
		93EE31D1F39881867631DD3EA3C817A7 /* Protocols */ = {
			isa = PBXGroup;
			children = (
				36985C71C6CD6B4A2AE6729383E2DD12 /* Mockable.swift */,
			);
			path = Protocols;
			sourceTree = "<group>";
		};
		946486C5C2D364EB7C167FF1061D110A /* Utils */ = {
			isa = PBXGroup;
			children = (
				93EE31D1F39881867631DD3EA3C817A7 /* Protocols */,
			);
			path = Utils;
			sourceTree = "<group>";
		};
		A406A9EA287FBBA0006A71E6 /* View Controllers */ = {
			isa = PBXGroup;
			children = (
				003BCA6A462EDB5B6EED0D2DE480F0FF /* 01. MainVC */,
				225DDF5669A74FCDE509AF207855B6D2 /* 02. NewsListVC */,
			);
			path = "View Controllers";
			sourceTree = "<group>";
		};
		A406A9F0287FC2FF006A71E6 /* Presentation */ = {
			isa = PBXGroup;
			children = (
				A406A9F1287FC30B006A71E6 /* View Controllers */,
			);
			path = Presentation;
			sourceTree = "<group>";
		};
		A406A9F1287FC30B006A71E6 /* View Controllers */ = {
			isa = PBXGroup;
			children = (
				A406A9F3287FC36F006A71E6 /* 01. MainVC */,
				A406A9F2287FC312006A71E6 /* 02. NewsListVC */,
			);
			path = "View Controllers";
			sourceTree = "<group>";
		};
		A406A9F2287FC312006A71E6 /* 02. NewsListVC */ = {
			isa = PBXGroup;
			children = (
				9C4B9C969184F107C308797B3A7F3B3A /* NewsListUITests.swift */,
			);
			path = "02. NewsListVC";
			sourceTree = "<group>";
		};
		A406A9F3287FC36F006A71E6 /* 01. MainVC */ = {
			isa = PBXGroup;
			children = (
				A406A9F4287FC388006A71E6 /* MainUITest.swift */,
			);
			path = "01. MainVC";
			sourceTree = "<group>";
		};
		AEBDD90448B91AFA08D4E5898F1C9FE4 /* Products */ = {
			isa = PBXGroup;
			children = (
				E27ECEAA8FCBD4B641D54AAC707C0901 /* TimesApp.app */,
				ECB889932C39C4BC406FD87CD48934B9 /* TimesAppTests.xctest */,
				6EA4484145A9FD84CDC4CD187687A317 /* TimesAppUITests.xctest */,
			);
			name = Products;
			sourceTree = "<group>";
		};
		AF3F8AA72CE204DE33CEED73E8EDC0EF /* Custom Views */ = {
			isa = PBXGroup;
			children = (
				6294A1A642D483857B4A46F7B493C9A7 /* NewsTVCell.swift */,
				6C4DADC002AF6790FF76453CDC75C017 /* NewsTVCell.xib */,
			);
			path = "Custom Views";
			sourceTree = "<group>";
		};
		B7DF397BEE07D810E4E697593DE8C190 /* Configurations */ = {
			isa = PBXGroup;
			children = (
				68372017CDF4DFDBBA2634AA467F20AC /* Configurations.swift */,
			);
			path = Configurations;
			sourceTree = "<group>";
		};
		CF7556D29CC4DDB57233EEAB3925BA1D = {
			isa = PBXGroup;
			children = (
				76B57AC440E5C1B736DCA713C49AFB9E /* TimesApp */,
				3F1154BCAC0DC94536343CC613C3718C /* Frameworks */,
				50EF20DF1255408918CE4B71B185EE3F /* Pods */,
				AEBDD90448B91AFA08D4E5898F1C9FE4 /* Products */,
				38DCFCD5B11AB9DF9D98A7739E2852A5 /* TimesAppTests */,
				0DEF1949CD9A5C17ED12A76A91516A41 /* TimesAppUITests */,
				2A381E973302A034FB470BDD5D253E8D /* .swiftlint.yml */,
			);
			sourceTree = "<group>";
		};
		DFFB04D207450260505A1EAB15CF800C /* Infrastructure */ = {
			isa = PBXGroup;
			children = (
				1BC66E146BD1DC2E62D52CEA2B895058 /* Network Manager */,
			);
			path = Infrastructure;
			sourceTree = "<group>";
		};
		E670DDC6D5FA2D37C9DCB7B83E7C1F9E /* Domain */ = {
			isa = PBXGroup;
			children = (
				6948B4D01589DD956CC6D02DBBB9AB98 /* Entities */,
			);
			path = Domain;
			sourceTree = "<group>";
		};
		F55A2A502E7530C89F6305A0E9BDE081 /* Utils */ = {
			isa = PBXGroup;
			children = (
				13F482EEE20971C54C3494F9FEC5573D /* Constants */,
				06F29F0002AF8AEF75B8BAE4FBB83685 /* Extensions */,
				55BE76DA8DA2896D0B8F9098D3BED27B /* Protocols */,
			);
			path = Utils;
			sourceTree = "<group>";
		};
/* End PBXGroup section */

/* Begin PBXNativeTarget section */
		567EFA28F5B7432A52963D6B99783844 /* TimesApp */ = {
			isa = PBXNativeTarget;
			buildConfigurationList = B7FD4D54BEF4F237E9C48F153409236C /* Build configuration list for PBXNativeTarget "TimesApp" */;
			buildPhases = (
				EBAF1AE85994330545037E8BE190AC37 /* [CP] Check Pods Manifest.lock */,
				87D49FAF722D8FA55D2020ECAC6642D6 /* Sources */,
				96CF7753D75BD818E5E169A2CF6239D9 /* Frameworks */,
				18DA1A6FDB697F44F4AEAEA35424168E /* Resources */,
				C188321C6DB42350D812863D856FA96C /* SwiftLint */,
				2324945E6D68F8D3F280612FE6E24C78 /* [CP] Embed Pods Frameworks */,
			);
			buildRules = (
			);
			dependencies = (
			);
			name = TimesApp;
			productName = TimesApp;
			productReference = E27ECEAA8FCBD4B641D54AAC707C0901 /* TimesApp.app */;
			productType = "com.apple.product-type.application";
		};
		74E95203C6EB9C8B5CE713E7477984D9 /* TimesAppUITests */ = {
			isa = PBXNativeTarget;
			buildConfigurationList = AFF3AFA9FFDB2EF3B9DD515B3CD6C087 /* Build configuration list for PBXNativeTarget "TimesAppUITests" */;
			buildPhases = (
				13723A69776C0655A99884EC0EA3B494 /* Sources */,
				CD8DB0ECDF4B9E27B586DB1571317572 /* Frameworks */,
				1D3EEF33D45EEB8FDA531F29CCCB8FB9 /* Resources */,
			);
			buildRules = (
			);
			dependencies = (
				0748BEC15E0BF73260E5851E96A2B164 /* PBXTargetDependency */,
			);
			name = TimesAppUITests;
			productName = TimesAppUITests;
			productReference = 6EA4484145A9FD84CDC4CD187687A317 /* TimesAppUITests.xctest */;
			productType = "com.apple.product-type.bundle.ui-testing";
		};
		CAB70DE4006C10EB1034161638606F25 /* TimesAppTests */ = {
			isa = PBXNativeTarget;
			buildConfigurationList = B4975DC8B159AF64F1683D3A8A6B0850 /* Build configuration list for PBXNativeTarget "TimesAppTests" */;
			buildPhases = (
				9C878E76B3FA51A02B158E84 /* [CP] Check Pods Manifest.lock */,
				A85A03CD478E9D53932D44A57F2A6626 /* Sources */,
				9DE8E2B4952C876EC80068B8474110D9 /* Frameworks */,
				01039FF928221E5624C13BD51CD9C8FF /* Resources */,
				54F7DE1479F1BA3D1EDCA859 /* [CP] Embed Pods Frameworks */,
			);
			buildRules = (
			);
			dependencies = (
				3DFCDDA5888BED7085BD8F267C3AE668 /* PBXTargetDependency */,
			);
			name = TimesAppTests;
			productName = TimesAppTests;
			productReference = ECB889932C39C4BC406FD87CD48934B9 /* TimesAppTests.xctest */;
			productType = "com.apple.product-type.bundle.unit-test";
		};
/* End PBXNativeTarget section */

/* Begin PBXProject section */
		09031419B431DF971039E178FA77C8C8 /* Project object */ = {
			isa = PBXProject;
			attributes = {
				BuildIndependentTargetsInParallel = 1;
				LastSwiftUpdateCheck = 1340;
				LastUpgradeCheck = 1340;
				TargetAttributes = {
					567EFA28F5B7432A52963D6B99783844 = {
						CreatedOnToolsVersion = 13.4;
					};
					74E95203C6EB9C8B5CE713E7477984D9 = {
						CreatedOnToolsVersion = 13.4;
						TestTargetID = 567EFA28F5B7432A52963D6B99783844;
					};
					CAB70DE4006C10EB1034161638606F25 = {
						CreatedOnToolsVersion = 13.4;
						TestTargetID = 567EFA28F5B7432A52963D6B99783844;
					};
				};
			};
			buildConfigurationList = BB93C93B22713CA60204B749C1A30572 /* Build configuration list for PBXProject "TimesApp" */;
			compatibilityVersion = "Xcode 13.0";
			developmentRegion = en;
			hasScannedForEncodings = 0;
			knownRegions = (
				en,
				Base,
			);
			mainGroup = CF7556D29CC4DDB57233EEAB3925BA1D;
			productRefGroup = AEBDD90448B91AFA08D4E5898F1C9FE4 /* Products */;
			projectDirPath = "";
			projectRoot = "";
			targets = (
				567EFA28F5B7432A52963D6B99783844 /* TimesApp */,
				CAB70DE4006C10EB1034161638606F25 /* TimesAppTests */,
				74E95203C6EB9C8B5CE713E7477984D9 /* TimesAppUITests */,
			);
		};
/* End PBXProject section */

/* Begin PBXResourcesBuildPhase section */
		01039FF928221E5624C13BD51CD9C8FF /* Resources */ = {
			isa = PBXResourcesBuildPhase;
			buildActionMask = 2147483647;
			files = (
				E1CD934E935667B5B56F53A33EE724F7 /* News.json in Resources */,
			);
			runOnlyForDeploymentPostprocessing = 0;
		};
		18DA1A6FDB697F44F4AEAEA35424168E /* Resources */ = {
			isa = PBXResourcesBuildPhase;
			buildActionMask = 2147483647;
			files = (
				D7B6DF7A8D15C61E54DA5C302DEE8E76 /* .swiftlint.yml in Resources */,
				67581DF5843CF29F692A743F048B3BA8 /* Assets.xcassets in Resources */,
				502D89E95C9F855C2DDE94F0356AABA0 /* LaunchScreen.storyboard in Resources */,
				F7214EAD150A8664FD6668ECC04E89D2 /* Main.storyboard in Resources */,
				519183E2EA71B96B8CD4EB09D57FB5F7 /* NewsTVCell.xib in Resources */,
			);
			runOnlyForDeploymentPostprocessing = 0;
		};
		1D3EEF33D45EEB8FDA531F29CCCB8FB9 /* Resources */ = {
			isa = PBXResourcesBuildPhase;
			buildActionMask = 2147483647;
			files = (
			);
			runOnlyForDeploymentPostprocessing = 0;
		};
/* End PBXResourcesBuildPhase section */

/* Begin PBXShellScriptBuildPhase section */
		2324945E6D68F8D3F280612FE6E24C78 /* [CP] Embed Pods Frameworks */ = {
			isa = PBXShellScriptBuildPhase;
			buildActionMask = 2147483647;
			files = (
			);
			inputFileListPaths = (
				"${PODS_ROOT}/Target Support Files/Pods-TimesApp/Pods-TimesApp-frameworks-${CONFIGURATION}-input-files.xcfilelist",
			);
			name = "[CP] Embed Pods Frameworks";
			outputFileListPaths = (
				"${PODS_ROOT}/Target Support Files/Pods-TimesApp/Pods-TimesApp-frameworks-${CONFIGURATION}-output-files.xcfilelist",
			);
			runOnlyForDeploymentPostprocessing = 0;
			shellPath = /bin/sh;
			shellScript = "\"${PODS_ROOT}/Target Support Files/Pods-TimesApp/Pods-TimesApp-frameworks.sh\"\n";
			showEnvVarsInLog = 0;
		};
		54F7DE1479F1BA3D1EDCA859 /* [CP] Embed Pods Frameworks */ = {
			isa = PBXShellScriptBuildPhase;
			buildActionMask = 2147483647;
			files = (
			);
			inputFileListPaths = (
				"${PODS_ROOT}/Target Support Files/Pods-TimesAppTests/Pods-TimesAppTests-frameworks-${CONFIGURATION}-input-files.xcfilelist",
			);
			name = "[CP] Embed Pods Frameworks";
			outputFileListPaths = (
				"${PODS_ROOT}/Target Support Files/Pods-TimesAppTests/Pods-TimesAppTests-frameworks-${CONFIGURATION}-output-files.xcfilelist",
			);
			runOnlyForDeploymentPostprocessing = 0;
			shellPath = /bin/sh;
			shellScript = "\"${PODS_ROOT}/Target Support Files/Pods-TimesAppTests/Pods-TimesAppTests-frameworks.sh\"\n";
			showEnvVarsInLog = 0;
		};
		9C878E76B3FA51A02B158E84 /* [CP] Check Pods Manifest.lock */ = {
			isa = PBXShellScriptBuildPhase;
			buildActionMask = 2147483647;
			files = (
			);
			inputFileListPaths = (
			);
			inputPaths = (
				"${PODS_PODFILE_DIR_PATH}/Podfile.lock",
				"${PODS_ROOT}/Manifest.lock",
			);
			name = "[CP] Check Pods Manifest.lock";
			outputFileListPaths = (
			);
			outputPaths = (
				"$(DERIVED_FILE_DIR)/Pods-TimesAppTests-checkManifestLockResult.txt",
			);
			runOnlyForDeploymentPostprocessing = 0;
			shellPath = /bin/sh;
			shellScript = "diff \"${PODS_PODFILE_DIR_PATH}/Podfile.lock\" \"${PODS_ROOT}/Manifest.lock\" > /dev/null\nif [ $? != 0 ] ; then\n    # print error to STDERR\n    echo \"error: The sandbox is not in sync with the Podfile.lock. Run 'pod install' or update your CocoaPods installation.\" >&2\n    exit 1\nfi\n# This output is used by Xcode 'outputs' to avoid re-running this script phase.\necho \"SUCCESS\" > \"${SCRIPT_OUTPUT_FILE_0}\"\n";
			showEnvVarsInLog = 0;
		};
		C188321C6DB42350D812863D856FA96C /* SwiftLint */ = {
			isa = PBXShellScriptBuildPhase;
			buildActionMask = 2147483647;
			files = (
			);
			inputFileListPaths = (
			);
			inputPaths = (
			);
			name = SwiftLint;
			outputFileListPaths = (
			);
			outputPaths = (
			);
			runOnlyForDeploymentPostprocessing = 0;
			shellPath = /bin/sh;
			shellScript = "export PATH=\"$PATH:/opt/homebrew/bin\"\nif which swiftlint > /dev/null; then\n  swiftlint\nelse\n  echo \"warning: SwiftLint not installed, download from https://github.com/realm/SwiftLint\"\nfi\n";
		};
		EBAF1AE85994330545037E8BE190AC37 /* [CP] Check Pods Manifest.lock */ = {
			isa = PBXShellScriptBuildPhase;
			buildActionMask = 2147483647;
			files = (
			);
			inputFileListPaths = (
			);
			inputPaths = (
				"${PODS_PODFILE_DIR_PATH}/Podfile.lock",
				"${PODS_ROOT}/Manifest.lock",
			);
			name = "[CP] Check Pods Manifest.lock";
			outputFileListPaths = (
			);
			outputPaths = (
				"$(DERIVED_FILE_DIR)/Pods-TimesApp-checkManifestLockResult.txt",
			);
			runOnlyForDeploymentPostprocessing = 0;
			shellPath = /bin/sh;
			shellScript = "diff \"${PODS_PODFILE_DIR_PATH}/Podfile.lock\" \"${PODS_ROOT}/Manifest.lock\" > /dev/null\nif [ $? != 0 ] ; then\n    # print error to STDERR\n    echo \"error: The sandbox is not in sync with the Podfile.lock. Run 'pod install' or update your CocoaPods installation.\" >&2\n    exit 1\nfi\n# This output is used by Xcode 'outputs' to avoid re-running this script phase.\necho \"SUCCESS\" > \"${SCRIPT_OUTPUT_FILE_0}\"\n";
			showEnvVarsInLog = 0;
		};
/* End PBXShellScriptBuildPhase section */

/* Begin PBXSourcesBuildPhase section */
		13723A69776C0655A99884EC0EA3B494 /* Sources */ = {
			isa = PBXSourcesBuildPhase;
			buildActionMask = 2147483647;
			files = (
				028DC11C79473800E3E5064B1A79CB16 /* NewsListUITests.swift in Sources */,
				A406A9EF287FC283006A71E6 /* AccessibilityIdentifier.swift in Sources */,
				A406A9F5287FC388006A71E6 /* MainUITest.swift in Sources */,
				F944FBE9CF01C015B51704ACE962792B /* TimesAppUITestsLaunchTests.swift in Sources */,
			);
			runOnlyForDeploymentPostprocessing = 0;
		};
		87D49FAF722D8FA55D2020ECAC6642D6 /* Sources */ = {
			isa = PBXSourcesBuildPhase;
			buildActionMask = 2147483647;
			files = (
				EBBA4F598F5A9D642B262FCBA0C974FB /* AppDelegate.swift in Sources */,
				EE9256B15E5956BC5F82D6E78787142C /* BaseVC.swift in Sources */,
				CE67369D6F2ABC8AFE57409691D957D2 /* Configurations.swift in Sources */,
				2F261B58AE7C0D1DAF1FD2B06D90938F /* EndPoints.swift in Sources */,
				14C77CF79A1F2631E950EF8D6476623D /* MainVC.swift in Sources */,
				4DADFE1F78F9160E6C2A2F91AA4883DE /* NetworkManager.swift in Sources */,
				858A7288BD7EBAC1AACA38A4D9ADDC02 /* NewsList.swift in Sources */,
				F6F8C0D20B7B11C31F7C36AB1A39636E /* NewsListVC.swift in Sources */,
				191D46200D80CFEC2CD4CADCB348A1BD /* NewsListVM.swift in Sources */,
				6284E7234E3CB46FFD0BA717BC7FA353 /* NewsTVCell.swift in Sources */,
				BFB3D2C13627ACF49036E4B88E0BD4FD /* SceneDelegate.swift in Sources */,
				81D7B410824568E2C64B756A7052CF28 /* StringProtocol+Ext.swift in Sources */,
				D0553F59B69C3F7886B7671E867D7079 /* TableViewIdentifier.swift in Sources */,
				4677718358057971B1859C984AFD469F /* UIColor+Ext.swift in Sources */,
				6894AEF1A2669F09A73623AB5ED6E66D /* UIFont+Ext.swift in Sources */,
				BD6EFF5090874B3F5721D1653976EE73 /* UIStoryboard+Ext.swift in Sources */,
				AC2D7F7EFF75803EC924ED723C7AC811 /* UITableView+Ext.swift in Sources */,
				A7CD494D4B32C869377B1832C4C585F8 /* UITableViewCell+Ext.swift in Sources */,
				FCB6D7548BF8636E51B96C2744C60151 /* UIView+Ext.swift in Sources */,
				A406A9ED287FC281006A71E6 /* AccessibilityIdentifier.swift in Sources */,
			);
			runOnlyForDeploymentPostprocessing = 0;
		};
		A85A03CD478E9D53932D44A57F2A6626 /* Sources */ = {
			isa = PBXSourcesBuildPhase;
			buildActionMask = 2147483647;
			files = (
				D077AA300318A15214E94C259CF0C92D /* MainVCTests.swift in Sources */,
				A406A9EE287FC282006A71E6 /* AccessibilityIdentifier.swift in Sources */,
				BE115B4F2C26F0F2128A1CF38BC9F36F /* MockNetworkManager.swift in Sources */,
				379EE50AFD1011672F7A3E1842324E75 /* Mockable.swift in Sources */,
				25442659A39BE7BE3C237D2A3BD3BF36 /* NewsListVCTests.swift in Sources */,
				D00B65779ABAE7F6BB07F21C808F33AF /* NewsListVMTests.swift in Sources */,
			);
			runOnlyForDeploymentPostprocessing = 0;
		};
/* End PBXSourcesBuildPhase section */

/* Begin PBXTargetDependency section */
		0748BEC15E0BF73260E5851E96A2B164 /* PBXTargetDependency */ = {
			isa = PBXTargetDependency;
			target = 567EFA28F5B7432A52963D6B99783844 /* TimesApp */;
			targetProxy = AC59B2CBAA78B03E97C778461FD1F2E0 /* PBXContainerItemProxy */;
		};
		3DFCDDA5888BED7085BD8F267C3AE668 /* PBXTargetDependency */ = {
			isa = PBXTargetDependency;
			target = 567EFA28F5B7432A52963D6B99783844 /* TimesApp */;
			targetProxy = 3AAC5B6F9C3081B567D7C028137CEC70 /* PBXContainerItemProxy */;
		};
/* End PBXTargetDependency section */

/* Begin PBXVariantGroup section */
		42758595B943E4EE930063DE3854B159 /* Main.storyboard */ = {
			isa = PBXVariantGroup;
			children = (
				703BCA9905F238EA60F0A470846870B1 /* Base */,
			);
			name = Main.storyboard;
			sourceTree = "<group>";
		};
		EA3F1A7DC71AFC7CCD027A884C7E886F /* LaunchScreen.storyboard */ = {
			isa = PBXVariantGroup;
			children = (
				CC3434A8531D5F47310B57B26C81192F /* Base */,
			);
			name = LaunchScreen.storyboard;
			sourceTree = "<group>";
		};
/* End PBXVariantGroup section */

/* Begin XCBuildConfiguration section */
		020A8B75BC3DA1DE81ADA0E92F2945C7 /* Debug */ = {
			isa = XCBuildConfiguration;
			baseConfigurationReference = B08D9FD8A5990FAFF0E38BA2 /* Pods-TimesAppTests.debug.xcconfig */;
			buildSettings = {
				BUNDLE_LOADER = "$(TEST_HOST)";
				CODE_SIGN_STYLE = Automatic;
				CURRENT_PROJECT_VERSION = 1;
				GENERATE_INFOPLIST_FILE = YES;
				MARKETING_VERSION = 1.0;
				PRODUCT_BUNDLE_IDENTIFIER = com.publicsSapient.TimesAppTests;
				PRODUCT_NAME = "$(TARGET_NAME)";
				SWIFT_EMIT_LOC_STRINGS = NO;
				SWIFT_VERSION = 5.0;
				TARGETED_DEVICE_FAMILY = "1,2";
				TEST_HOST = "$(BUILT_PRODUCTS_DIR)/TimesApp.app/TimesApp";
			};
			name = Debug;
		};
		5D5EF705946CC6B5D84ED325E17C537D /* Debug */ = {
			isa = XCBuildConfiguration;
			buildSettings = {
				CODE_SIGN_STYLE = Automatic;
				CURRENT_PROJECT_VERSION = 1;
				GENERATE_INFOPLIST_FILE = YES;
				MARKETING_VERSION = 1.0;
				PRODUCT_BUNDLE_IDENTIFIER = com.publicsSapient.TimesAppUITests;
				PRODUCT_NAME = "$(TARGET_NAME)";
				SWIFT_EMIT_LOC_STRINGS = NO;
				SWIFT_VERSION = 5.0;
				TARGETED_DEVICE_FAMILY = "1,2";
				TEST_TARGET_NAME = TimesApp;
			};
			name = Debug;
		};
		8B6485690B4129D144E56C45631B2025 /* Release */ = {
			isa = XCBuildConfiguration;
			baseConfigurationReference = 3DFCE19620C5C38986A1A749 /* Pods-TimesAppTests.release.xcconfig */;
			buildSettings = {
				BUNDLE_LOADER = "$(TEST_HOST)";
				CODE_SIGN_STYLE = Automatic;
				CURRENT_PROJECT_VERSION = 1;
				GENERATE_INFOPLIST_FILE = YES;
				MARKETING_VERSION = 1.0;
				PRODUCT_BUNDLE_IDENTIFIER = com.publicsSapient.TimesAppTests;
				PRODUCT_NAME = "$(TARGET_NAME)";
				SWIFT_EMIT_LOC_STRINGS = NO;
				SWIFT_VERSION = 5.0;
				TARGETED_DEVICE_FAMILY = "1,2";
				TEST_HOST = "$(BUILT_PRODUCTS_DIR)/TimesApp.app/TimesApp";
			};
			name = Release;
		};
		987DB7182AFEBAC4291CFCECDD15194D /* Release */ = {
			isa = XCBuildConfiguration;
			buildSettings = {
				CODE_SIGN_STYLE = Automatic;
				CURRENT_PROJECT_VERSION = 1;
				GENERATE_INFOPLIST_FILE = YES;
				MARKETING_VERSION = 1.0;
				PRODUCT_BUNDLE_IDENTIFIER = com.publicsSapient.TimesAppUITests;
				PRODUCT_NAME = "$(TARGET_NAME)";
				SWIFT_EMIT_LOC_STRINGS = NO;
				SWIFT_VERSION = 5.0;
				TARGETED_DEVICE_FAMILY = "1,2";
				TEST_TARGET_NAME = TimesApp;
			};
			name = Release;
		};
		9A5FA8C809875DC517E48F7CD1B9444C /* Release */ = {
			isa = XCBuildConfiguration;
			buildSettings = {
				ALWAYS_SEARCH_USER_PATHS = NO;
				CLANG_ANALYZER_NONNULL = YES;
				CLANG_ANALYZER_NUMBER_OBJECT_CONVERSION = YES_AGGRESSIVE;
				CLANG_CXX_LANGUAGE_STANDARD = "gnu++17";
				CLANG_ENABLE_MODULES = YES;
				CLANG_ENABLE_OBJC_ARC = YES;
				CLANG_ENABLE_OBJC_WEAK = YES;
				CLANG_WARN_BLOCK_CAPTURE_AUTORELEASING = YES;
				CLANG_WARN_BOOL_CONVERSION = YES;
				CLANG_WARN_COMMA = YES;
				CLANG_WARN_CONSTANT_CONVERSION = YES;
				CLANG_WARN_DEPRECATED_OBJC_IMPLEMENTATIONS = YES;
				CLANG_WARN_DIRECT_OBJC_ISA_USAGE = YES_ERROR;
				CLANG_WARN_DOCUMENTATION_COMMENTS = YES;
				CLANG_WARN_EMPTY_BODY = YES;
				CLANG_WARN_ENUM_CONVERSION = YES;
				CLANG_WARN_INFINITE_RECURSION = YES;
				CLANG_WARN_INT_CONVERSION = YES;
				CLANG_WARN_NON_LITERAL_NULL_CONVERSION = YES;
				CLANG_WARN_OBJC_IMPLICIT_RETAIN_SELF = YES;
				CLANG_WARN_OBJC_LITERAL_CONVERSION = YES;
				CLANG_WARN_OBJC_ROOT_CLASS = YES_ERROR;
				CLANG_WARN_QUOTED_INCLUDE_IN_FRAMEWORK_HEADER = YES;
				CLANG_WARN_RANGE_LOOP_ANALYSIS = YES;
				CLANG_WARN_STRICT_PROTOTYPES = YES;
				CLANG_WARN_SUSPICIOUS_MOVE = YES;
				CLANG_WARN_UNGUARDED_AVAILABILITY = YES_AGGRESSIVE;
				CLANG_WARN_UNREACHABLE_CODE = YES;
				CLANG_WARN__DUPLICATE_METHOD_MATCH = YES;
				COPY_PHASE_STRIP = NO;
				DEBUG_INFORMATION_FORMAT = "dwarf-with-dsym";
				ENABLE_NS_ASSERTIONS = NO;
				ENABLE_STRICT_OBJC_MSGSEND = YES;
				GCC_C_LANGUAGE_STANDARD = gnu11;
				GCC_NO_COMMON_BLOCKS = YES;
				GCC_WARN_64_TO_32_BIT_CONVERSION = YES;
				GCC_WARN_ABOUT_RETURN_TYPE = YES_ERROR;
				GCC_WARN_UNDECLARED_SELECTOR = YES;
				GCC_WARN_UNINITIALIZED_AUTOS = YES_AGGRESSIVE;
				GCC_WARN_UNUSED_FUNCTION = YES;
				GCC_WARN_UNUSED_VARIABLE = YES;
				IPHONEOS_DEPLOYMENT_TARGET = 15.5;
				MTL_ENABLE_DEBUG_INFO = NO;
				MTL_FAST_MATH = YES;
				SDKROOT = iphoneos;
				SWIFT_COMPILATION_MODE = wholemodule;
				SWIFT_OPTIMIZATION_LEVEL = "-O";
				VALIDATE_PRODUCT = YES;
			};
			name = Release;
		};
		A98FAEDAF6671513209FE5AEB15F5BCB /* Release */ = {
			isa = XCBuildConfiguration;
			baseConfigurationReference = 1A3FA828CE682522E2493F6E6C100210 /* Pods-TimesApp.release.xcconfig */;
			buildSettings = {
				ASSETCATALOG_COMPILER_APPICON_NAME = AppIcon;
				ASSETCATALOG_COMPILER_GLOBAL_ACCENT_COLOR_NAME = AccentColor;
				CODE_SIGN_STYLE = Automatic;
				CURRENT_PROJECT_VERSION = 1;
				GENERATE_INFOPLIST_FILE = YES;
				INFOPLIST_FILE = TimesApp/Info.plist;
				INFOPLIST_KEY_UIApplicationSupportsIndirectInputEvents = YES;
				INFOPLIST_KEY_UILaunchStoryboardName = LaunchScreen;
				INFOPLIST_KEY_UIMainStoryboardFile = Main;
				INFOPLIST_KEY_UISupportedInterfaceOrientations_iPad = "UIInterfaceOrientationPortrait UIInterfaceOrientationPortraitUpsideDown UIInterfaceOrientationLandscapeLeft UIInterfaceOrientationLandscapeRight";
				INFOPLIST_KEY_UISupportedInterfaceOrientations_iPhone = "UIInterfaceOrientationPortrait UIInterfaceOrientationLandscapeLeft UIInterfaceOrientationLandscapeRight";
				LD_RUNPATH_SEARCH_PATHS = (
					"$(inherited)",
					"@executable_path/Frameworks",
				);
				MARKETING_VERSION = 1.0;
				PRODUCT_BUNDLE_IDENTIFIER = com.publicsSapient.TimesApp;
				PRODUCT_NAME = "$(TARGET_NAME)";
				SWIFT_EMIT_LOC_STRINGS = YES;
				SWIFT_VERSION = 5.0;
				TARGETED_DEVICE_FAMILY = "1,2";
			};
			name = Release;
		};
		CAE538722B5D455631612CFAF91A560B /* Debug */ = {
			isa = XCBuildConfiguration;
			buildSettings = {
				ALWAYS_SEARCH_USER_PATHS = NO;
				CLANG_ANALYZER_NONNULL = YES;
				CLANG_ANALYZER_NUMBER_OBJECT_CONVERSION = YES_AGGRESSIVE;
				CLANG_CXX_LANGUAGE_STANDARD = "gnu++17";
				CLANG_ENABLE_MODULES = YES;
				CLANG_ENABLE_OBJC_ARC = YES;
				CLANG_ENABLE_OBJC_WEAK = YES;
				CLANG_WARN_BLOCK_CAPTURE_AUTORELEASING = YES;
				CLANG_WARN_BOOL_CONVERSION = YES;
				CLANG_WARN_COMMA = YES;
				CLANG_WARN_CONSTANT_CONVERSION = YES;
				CLANG_WARN_DEPRECATED_OBJC_IMPLEMENTATIONS = YES;
				CLANG_WARN_DIRECT_OBJC_ISA_USAGE = YES_ERROR;
				CLANG_WARN_DOCUMENTATION_COMMENTS = YES;
				CLANG_WARN_EMPTY_BODY = YES;
				CLANG_WARN_ENUM_CONVERSION = YES;
				CLANG_WARN_INFINITE_RECURSION = YES;
				CLANG_WARN_INT_CONVERSION = YES;
				CLANG_WARN_NON_LITERAL_NULL_CONVERSION = YES;
				CLANG_WARN_OBJC_IMPLICIT_RETAIN_SELF = YES;
				CLANG_WARN_OBJC_LITERAL_CONVERSION = YES;
				CLANG_WARN_OBJC_ROOT_CLASS = YES_ERROR;
				CLANG_WARN_QUOTED_INCLUDE_IN_FRAMEWORK_HEADER = YES;
				CLANG_WARN_RANGE_LOOP_ANALYSIS = YES;
				CLANG_WARN_STRICT_PROTOTYPES = YES;
				CLANG_WARN_SUSPICIOUS_MOVE = YES;
				CLANG_WARN_UNGUARDED_AVAILABILITY = YES_AGGRESSIVE;
				CLANG_WARN_UNREACHABLE_CODE = YES;
				CLANG_WARN__DUPLICATE_METHOD_MATCH = YES;
				COPY_PHASE_STRIP = NO;
				DEBUG_INFORMATION_FORMAT = dwarf;
				ENABLE_STRICT_OBJC_MSGSEND = YES;
				ENABLE_TESTABILITY = YES;
				GCC_C_LANGUAGE_STANDARD = gnu11;
				GCC_DYNAMIC_NO_PIC = NO;
				GCC_NO_COMMON_BLOCKS = YES;
				GCC_OPTIMIZATION_LEVEL = 0;
				GCC_PREPROCESSOR_DEFINITIONS = (
					"DEBUG=1",
					"$(inherited)",
				);
				GCC_WARN_64_TO_32_BIT_CONVERSION = YES;
				GCC_WARN_ABOUT_RETURN_TYPE = YES_ERROR;
				GCC_WARN_UNDECLARED_SELECTOR = YES;
				GCC_WARN_UNINITIALIZED_AUTOS = YES_AGGRESSIVE;
				GCC_WARN_UNUSED_FUNCTION = YES;
				GCC_WARN_UNUSED_VARIABLE = YES;
				IPHONEOS_DEPLOYMENT_TARGET = 15.5;
				MTL_ENABLE_DEBUG_INFO = INCLUDE_SOURCE;
				MTL_FAST_MATH = YES;
				ONLY_ACTIVE_ARCH = YES;
				SDKROOT = iphoneos;
				SWIFT_ACTIVE_COMPILATION_CONDITIONS = DEBUG;
				SWIFT_OPTIMIZATION_LEVEL = "-Onone";
			};
			name = Debug;
		};
		F14626EF7C66B5E72ACCA325883CFE7D /* Debug */ = {
			isa = XCBuildConfiguration;
			baseConfigurationReference = E8D383BECE63DB9D3E671432CE235225 /* Pods-TimesApp.debug.xcconfig */;
			buildSettings = {
				ASSETCATALOG_COMPILER_APPICON_NAME = AppIcon;
				ASSETCATALOG_COMPILER_GLOBAL_ACCENT_COLOR_NAME = AccentColor;
				CODE_SIGN_STYLE = Automatic;
				CURRENT_PROJECT_VERSION = 1;
				GENERATE_INFOPLIST_FILE = YES;
				INFOPLIST_FILE = TimesApp/Info.plist;
				INFOPLIST_KEY_UIApplicationSupportsIndirectInputEvents = YES;
				INFOPLIST_KEY_UILaunchStoryboardName = LaunchScreen;
				INFOPLIST_KEY_UIMainStoryboardFile = Main;
				INFOPLIST_KEY_UISupportedInterfaceOrientations_iPad = "UIInterfaceOrientationPortrait UIInterfaceOrientationPortraitUpsideDown UIInterfaceOrientationLandscapeLeft UIInterfaceOrientationLandscapeRight";
				INFOPLIST_KEY_UISupportedInterfaceOrientations_iPhone = "UIInterfaceOrientationPortrait UIInterfaceOrientationLandscapeLeft UIInterfaceOrientationLandscapeRight";
				LD_RUNPATH_SEARCH_PATHS = (
					"$(inherited)",
					"@executable_path/Frameworks",
				);
				MARKETING_VERSION = 1.0;
				PRODUCT_BUNDLE_IDENTIFIER = com.publicsSapient.TimesApp;
				PRODUCT_NAME = "$(TARGET_NAME)";
				SWIFT_EMIT_LOC_STRINGS = YES;
				SWIFT_VERSION = 5.0;
				TARGETED_DEVICE_FAMILY = "1,2";
			};
			name = Debug;
		};
/* End XCBuildConfiguration section */

/* Begin XCConfigurationList section */
		AFF3AFA9FFDB2EF3B9DD515B3CD6C087 /* Build configuration list for PBXNativeTarget "TimesAppUITests" */ = {
			isa = XCConfigurationList;
			buildConfigurations = (
				5D5EF705946CC6B5D84ED325E17C537D /* Debug */,
				987DB7182AFEBAC4291CFCECDD15194D /* Release */,
			);
			defaultConfigurationIsVisible = 0;
			defaultConfigurationName = Release;
		};
		B4975DC8B159AF64F1683D3A8A6B0850 /* Build configuration list for PBXNativeTarget "TimesAppTests" */ = {
			isa = XCConfigurationList;
			buildConfigurations = (
				020A8B75BC3DA1DE81ADA0E92F2945C7 /* Debug */,
				8B6485690B4129D144E56C45631B2025 /* Release */,
			);
			defaultConfigurationIsVisible = 0;
			defaultConfigurationName = Release;
		};
		B7FD4D54BEF4F237E9C48F153409236C /* Build configuration list for PBXNativeTarget "TimesApp" */ = {
			isa = XCConfigurationList;
			buildConfigurations = (
				F14626EF7C66B5E72ACCA325883CFE7D /* Debug */,
				A98FAEDAF6671513209FE5AEB15F5BCB /* Release */,
			);
			defaultConfigurationIsVisible = 0;
			defaultConfigurationName = Release;
		};
		BB93C93B22713CA60204B749C1A30572 /* Build configuration list for PBXProject "TimesApp" */ = {
			isa = XCConfigurationList;
			buildConfigurations = (
				CAE538722B5D455631612CFAF91A560B /* Debug */,
				9A5FA8C809875DC517E48F7CD1B9444C /* Release */,
			);
			defaultConfigurationIsVisible = 0;
			defaultConfigurationName = Release;
		};
/* End XCConfigurationList section */
	};
	rootObject = 09031419B431DF971039E178FA77C8C8 /* Project object */;
}
