// !$*UTF8*$!
{
	archiveVersion = 1;
	classes = {
	};
	objectVersion = 55;
	objects = {

/* Begin PBXBuildFile section */
		011E7D893727AE1CD3B9700FB62E0AF6 /* StringProtocol+Ext.swift in Sources */ = {isa = PBXBuildFile; fileRef = 61098F918C85CE4810A57912F162B043 /* StringProtocol+Ext.swift */; };
		121261775A5E00FF88B2D9CBF6B61446 /* NetworkManager.swift in Sources */ = {isa = PBXBuildFile; fileRef = 7C78DD318382CCE2D2EEE9C939BAFEAA /* NetworkManager.swift */; };
		1D1183CDC3D13311BD45186973CF92B0 /* NewsTVCell.xib in Resources */ = {isa = PBXBuildFile; fileRef = CC2767515DC47FEFDF46608BA2B4817F /* NewsTVCell.xib */; };
		24C56131A5A0F59FB938D1A684F835B8 /* UIStoryboard+Ext.swift in Sources */ = {isa = PBXBuildFile; fileRef = D57AA35883A92DE35DF4622CF3B3996D /* UIStoryboard+Ext.swift */; };
		2E3C696175CDD2C0CF9958D76283970B /* BaseVC.swift in Sources */ = {isa = PBXBuildFile; fileRef = 80FB344060E7E234714E376B6AEBCBA4 /* BaseVC.swift */; };
		4032AA4050F0E8F67DF15E8E5536E099 /* NewsListUITests.swift in Sources */ = {isa = PBXBuildFile; fileRef = BD58915F94F0E66A79DAD76042DA4002 /* NewsListUITests.swift */; };
		48CAA6F16C4AF4B7B2CEC18930F0DCC8 /* Pods_TimesApp.framework in Frameworks */ = {isa = PBXBuildFile; fileRef = 722D226D45EB0B56EE9877917F7E9C8E /* Pods_TimesApp.framework */; };
		502D89E95C9F855C2DDE94F0356AABA0 /* LaunchScreen.storyboard in Resources */ = {isa = PBXBuildFile; fileRef = EA3F1A7DC71AFC7CCD027A884C7E886F /* LaunchScreen.storyboard */; };
		521CE42AF604A81DC5AC9DE021E446ED /* TableViewIdentifier.swift in Sources */ = {isa = PBXBuildFile; fileRef = F928EC5F779E9E00383462764B647F74 /* TableViewIdentifier.swift */; };
		5C13FC38780E3C79FABEA81475AB30B7 /* NewsListVC.swift in Sources */ = {isa = PBXBuildFile; fileRef = 87984AF933481BEF1E854F8581AB3E4E /* NewsListVC.swift */; };
		67581DF5843CF29F692A743F048B3BA8 /* Assets.xcassets in Resources */ = {isa = PBXBuildFile; fileRef = CC4FCD41560C356391650CAE8BF562B4 /* Assets.xcassets */; };
		8039B49DDCA436D62A61EF478FC38CA8 /* MockNetworkManager.swift in Sources */ = {isa = PBXBuildFile; fileRef = B8B4AB7948D26438F4B51E02AEC4AC1C /* MockNetworkManager.swift */; };
		8613532505258374D8DE955DE47A3A20 /* EndPoints.swift in Sources */ = {isa = PBXBuildFile; fileRef = FCDA376BD21DEEB2B2B341B28D52FCE0 /* EndPoints.swift */; };
		87A54EBD503D849A4AD066E0677D570A /* UIView+Ext.swift in Sources */ = {isa = PBXBuildFile; fileRef = 06CE1E42034059ED560BCAA747D963C4 /* UIView+Ext.swift */; };
		91C6AE1F7386F7A3006629AA1304AD14 /* AccessibilityIdentifier.swift in Sources */ = {isa = PBXBuildFile; fileRef = 9ACDDECF58423110F6D089B364B1686F /* AccessibilityIdentifier.swift */; };
		98C03867BF37517380E341BE9A7CB2D5 /* NewsListVMTests.swift in Sources */ = {isa = PBXBuildFile; fileRef = 38BE3FA6ACA09BCF3A7A4C0964EBA440 /* NewsListVMTests.swift */; };
		997FADD3639AFEA5DF7F2098541C80DF /* NewsListVM.swift in Sources */ = {isa = PBXBuildFile; fileRef = 8EA8C042D883BF446EB15AA5B4495326 /* NewsListVM.swift */; };
		A41F941B2889CC63005C41F6 /* Constants.swift in Sources */ = {isa = PBXBuildFile; fileRef = A41F941A2889CC63005C41F6 /* Constants.swift */; };
		A41F941F2889CF13005C41F6 /* NewsListVCTests.swift in Sources */ = {isa = PBXBuildFile; fileRef = 1B625668BF883AFF48C154501DF32DC0 /* NewsListVCTests.swift */; };
		A41F94242889CFF2005C41F6 /* MockConstants.swift in Sources */ = {isa = PBXBuildFile; fileRef = A41F94232889CFF2005C41F6 /* MockConstants.swift */; };
		A4FFC376288A9C2500FA4D5C /* NetworkManagerTests.swift in Sources */ = {isa = PBXBuildFile; fileRef = A4FFC375288A9C2500FA4D5C /* NetworkManagerTests.swift */; };
		AB1A84E6EC224990D2D3A20FA753C4A6 /* NewsTVCell.swift in Sources */ = {isa = PBXBuildFile; fileRef = 78410A2BADB44808157A5354F8911C29 /* NewsTVCell.swift */; };
		AED85CE36D6A27925C80A60D3A27DD2B /* Mockable.swift in Sources */ = {isa = PBXBuildFile; fileRef = B237C73AADDEC55E78C64CDF026EBB12 /* Mockable.swift */; };
		B47E14A38E9284FFFB730AA49B7EF079 /* AccessibilityIdentifier.swift in Sources */ = {isa = PBXBuildFile; fileRef = 9ACDDECF58423110F6D089B364B1686F /* AccessibilityIdentifier.swift */; };
		BFB3D2C13627ACF49036E4B88E0BD4FD /* SceneDelegate.swift in Sources */ = {isa = PBXBuildFile; fileRef = 51CB76230D855E8A4A5F1A79BB62AC4B /* SceneDelegate.swift */; };
		CB167FF87FEE4FF46AC7A34634F6CDF4 /* AccessibilityIdentifier.swift in Sources */ = {isa = PBXBuildFile; fileRef = 9ACDDECF58423110F6D089B364B1686F /* AccessibilityIdentifier.swift */; };
		D66E39EF30BD91F5C7F27C3712BA738E /* Pods_TimesAppTests.framework in Frameworks */ = {isa = PBXBuildFile; fileRef = CCDB5B31B48D6C2D64053B08168F8F4B /* Pods_TimesAppTests.framework */; };
		D7B6DF7A8D15C61E54DA5C302DEE8E76 /* .swiftlint.yml in Resources */ = {isa = PBXBuildFile; fileRef = 2A381E973302A034FB470BDD5D253E8D /* .swiftlint.yml */; };
		DDD03A0F812AF94896EACBBE59024D58 /* News.json in Resources */ = {isa = PBXBuildFile; fileRef = 0F3619BC9C68DF6D06CB9E5DAF774E41 /* News.json */; };
		E8491763823311AED94A4C889783C736 /* UITableView+Ext.swift in Sources */ = {isa = PBXBuildFile; fileRef = 49CB56F57CB3200812A23DBF42398264 /* UITableView+Ext.swift */; };
		EB2F0895710D0600F2401946332E5028 /* NewsList.swift in Sources */ = {isa = PBXBuildFile; fileRef = AA88AA4D92518996BFB74887462E04E1 /* NewsList.swift */; };
		EBBA4F598F5A9D642B262FCBA0C974FB /* AppDelegate.swift in Sources */ = {isa = PBXBuildFile; fileRef = 72E0D1AFAA5E0EC7BBEFEB408CC93C95 /* AppDelegate.swift */; };
		F7214EAD150A8664FD6668ECC04E89D2 /* Main.storyboard in Resources */ = {isa = PBXBuildFile; fileRef = 42758595B943E4EE930063DE3854B159 /* Main.storyboard */; };
		F944FBE9CF01C015B51704ACE962792B /* TimesAppUITestsLaunchTests.swift in Sources */ = {isa = PBXBuildFile; fileRef = 2B3E602B7A0D6F84EC617F9DFF790E2B /* TimesAppUITestsLaunchTests.swift */; };
		FE72C4B9359C283D60E7C1E77ACA725B /* UITableViewCell+Ext.swift in Sources */ = {isa = PBXBuildFile; fileRef = 2630101D2E627A4B800996C284DAAA00 /* UITableViewCell+Ext.swift */; };
/* End PBXBuildFile section */

/* Begin PBXContainerItemProxy section */
		3AAC5B6F9C3081B567D7C028137CEC70 /* PBXContainerItemProxy */ = {
			isa = PBXContainerItemProxy;
			containerPortal = 09031419B431DF971039E178FA77C8C8 /* Project object */;
			proxyType = 1;
			remoteGlobalIDString = 567EFA28F5B7432A52963D6B99783844;
			remoteInfo = TimesApp;
		};
		AC59B2CBAA78B03E97C778461FD1F2E0 /* PBXContainerItemProxy */ = {
			isa = PBXContainerItemProxy;
			containerPortal = 09031419B431DF971039E178FA77C8C8 /* Project object */;
			proxyType = 1;
			remoteGlobalIDString = 567EFA28F5B7432A52963D6B99783844;
			remoteInfo = TimesApp;
		};
/* End PBXContainerItemProxy section */

/* Begin PBXFileReference section */
		06CE1E42034059ED560BCAA747D963C4 /* UIView+Ext.swift */ = {isa = PBXFileReference; lastKnownFileType = sourcecode.swift; path = "UIView+Ext.swift"; sourceTree = "<group>"; };
		0F3619BC9C68DF6D06CB9E5DAF774E41 /* News.json */ = {isa = PBXFileReference; fileEncoding = 4; lastKnownFileType = text.json; path = News.json; sourceTree = "<group>"; };
		1A3FA828CE682522E2493F6E6C100210 /* Pods-TimesApp.release.xcconfig */ = {isa = PBXFileReference; includeInIndex = 1; lastKnownFileType = text.xcconfig; name = "Pods-TimesApp.release.xcconfig"; path = "Target Support Files/Pods-TimesApp/Pods-TimesApp.release.xcconfig"; sourceTree = "<group>"; };
		1B625668BF883AFF48C154501DF32DC0 /* NewsListVCTests.swift */ = {isa = PBXFileReference; lastKnownFileType = sourcecode.swift; path = NewsListVCTests.swift; sourceTree = "<group>"; };
		2630101D2E627A4B800996C284DAAA00 /* UITableViewCell+Ext.swift */ = {isa = PBXFileReference; lastKnownFileType = sourcecode.swift; path = "UITableViewCell+Ext.swift"; sourceTree = "<group>"; };
		2A381E973302A034FB470BDD5D253E8D /* .swiftlint.yml */ = {isa = PBXFileReference; lastKnownFileType = text.yaml; path = .swiftlint.yml; sourceTree = "<group>"; };
		2B3E602B7A0D6F84EC617F9DFF790E2B /* TimesAppUITestsLaunchTests.swift */ = {isa = PBXFileReference; lastKnownFileType = sourcecode.swift; path = TimesAppUITestsLaunchTests.swift; sourceTree = "<group>"; };
		309D8022E4CF2A28F0C27D2D9BD2C4A7 /* Pods-TimesAppTests.release.xcconfig */ = {isa = PBXFileReference; includeInIndex = 1; lastKnownFileType = text.xcconfig; name = "Pods-TimesAppTests.release.xcconfig"; path = "Target Support Files/Pods-TimesAppTests/Pods-TimesAppTests.release.xcconfig"; sourceTree = "<group>"; };
		38BE3FA6ACA09BCF3A7A4C0964EBA440 /* NewsListVMTests.swift */ = {isa = PBXFileReference; lastKnownFileType = sourcecode.swift; path = NewsListVMTests.swift; sourceTree = "<group>"; };
		49CB56F57CB3200812A23DBF42398264 /* UITableView+Ext.swift */ = {isa = PBXFileReference; lastKnownFileType = sourcecode.swift; path = "UITableView+Ext.swift"; sourceTree = "<group>"; };
		51CB76230D855E8A4A5F1A79BB62AC4B /* SceneDelegate.swift */ = {isa = PBXFileReference; lastKnownFileType = sourcecode.swift; path = SceneDelegate.swift; sourceTree = "<group>"; };
		61098F918C85CE4810A57912F162B043 /* StringProtocol+Ext.swift */ = {isa = PBXFileReference; lastKnownFileType = sourcecode.swift; path = "StringProtocol+Ext.swift"; sourceTree = "<group>"; };
		6EA4484145A9FD84CDC4CD187687A317 /* TimesAppUITests.xctest */ = {isa = PBXFileReference; explicitFileType = wrapper.cfbundle; includeInIndex = 0; path = TimesAppUITests.xctest; sourceTree = BUILT_PRODUCTS_DIR; };
		703BCA9905F238EA60F0A470846870B1 /* Base */ = {isa = PBXFileReference; lastKnownFileType = file.storyboard; name = Base; path = Base.lproj/Main.storyboard; sourceTree = "<group>"; };
		722D226D45EB0B56EE9877917F7E9C8E /* Pods_TimesApp.framework */ = {isa = PBXFileReference; explicitFileType = wrapper.framework; includeInIndex = 0; path = Pods_TimesApp.framework; sourceTree = BUILT_PRODUCTS_DIR; };
		72E0D1AFAA5E0EC7BBEFEB408CC93C95 /* AppDelegate.swift */ = {isa = PBXFileReference; lastKnownFileType = sourcecode.swift; path = AppDelegate.swift; sourceTree = "<group>"; };
		78410A2BADB44808157A5354F8911C29 /* NewsTVCell.swift */ = {isa = PBXFileReference; lastKnownFileType = sourcecode.swift; path = NewsTVCell.swift; sourceTree = "<group>"; };
		7C78DD318382CCE2D2EEE9C939BAFEAA /* NetworkManager.swift */ = {isa = PBXFileReference; lastKnownFileType = sourcecode.swift; path = NetworkManager.swift; sourceTree = "<group>"; };
		80FB344060E7E234714E376B6AEBCBA4 /* BaseVC.swift */ = {isa = PBXFileReference; lastKnownFileType = sourcecode.swift; path = BaseVC.swift; sourceTree = "<group>"; };
		87984AF933481BEF1E854F8581AB3E4E /* NewsListVC.swift */ = {isa = PBXFileReference; lastKnownFileType = sourcecode.swift; path = NewsListVC.swift; sourceTree = "<group>"; };
		8EA8C042D883BF446EB15AA5B4495326 /* NewsListVM.swift */ = {isa = PBXFileReference; lastKnownFileType = sourcecode.swift; path = NewsListVM.swift; sourceTree = "<group>"; };
		9ACDDECF58423110F6D089B364B1686F /* AccessibilityIdentifier.swift */ = {isa = PBXFileReference; lastKnownFileType = sourcecode.swift; path = AccessibilityIdentifier.swift; sourceTree = "<group>"; };
		A41F941A2889CC63005C41F6 /* Constants.swift */ = {isa = PBXFileReference; lastKnownFileType = sourcecode.swift; path = Constants.swift; sourceTree = "<group>"; };
		A41F94232889CFF2005C41F6 /* MockConstants.swift */ = {isa = PBXFileReference; lastKnownFileType = sourcecode.swift; path = MockConstants.swift; sourceTree = "<group>"; };
		A4FFC375288A9C2500FA4D5C /* NetworkManagerTests.swift */ = {isa = PBXFileReference; lastKnownFileType = sourcecode.swift; path = NetworkManagerTests.swift; sourceTree = "<group>"; };
		AA88AA4D92518996BFB74887462E04E1 /* NewsList.swift */ = {isa = PBXFileReference; lastKnownFileType = sourcecode.swift; path = NewsList.swift; sourceTree = "<group>"; };
		B237C73AADDEC55E78C64CDF026EBB12 /* Mockable.swift */ = {isa = PBXFileReference; lastKnownFileType = sourcecode.swift; path = Mockable.swift; sourceTree = "<group>"; };
		B8B4AB7948D26438F4B51E02AEC4AC1C /* MockNetworkManager.swift */ = {isa = PBXFileReference; lastKnownFileType = sourcecode.swift; path = MockNetworkManager.swift; sourceTree = "<group>"; };
		BD58915F94F0E66A79DAD76042DA4002 /* NewsListUITests.swift */ = {isa = PBXFileReference; lastKnownFileType = sourcecode.swift; path = NewsListUITests.swift; sourceTree = "<group>"; };
		C62C01AE00906D136D8FF43005C8D552 /* Pods-TimesAppTests.debug.xcconfig */ = {isa = PBXFileReference; includeInIndex = 1; lastKnownFileType = text.xcconfig; name = "Pods-TimesAppTests.debug.xcconfig"; path = "Target Support Files/Pods-TimesAppTests/Pods-TimesAppTests.debug.xcconfig"; sourceTree = "<group>"; };
		CC2767515DC47FEFDF46608BA2B4817F /* NewsTVCell.xib */ = {isa = PBXFileReference; lastKnownFileType = file.xib; path = NewsTVCell.xib; sourceTree = "<group>"; };
		CC3434A8531D5F47310B57B26C81192F /* Base */ = {isa = PBXFileReference; lastKnownFileType = file.storyboard; name = Base; path = Base.lproj/LaunchScreen.storyboard; sourceTree = "<group>"; };
		CC4FCD41560C356391650CAE8BF562B4 /* Assets.xcassets */ = {isa = PBXFileReference; lastKnownFileType = folder.assetcatalog; path = Assets.xcassets; sourceTree = "<group>"; };
		CCDB5B31B48D6C2D64053B08168F8F4B /* Pods_TimesAppTests.framework */ = {isa = PBXFileReference; explicitFileType = wrapper.framework; includeInIndex = 0; path = Pods_TimesAppTests.framework; sourceTree = BUILT_PRODUCTS_DIR; };
		D08520C2C2019DC2FA640D87FE996A03 /* Info.plist */ = {isa = PBXFileReference; lastKnownFileType = text.plist.xml; path = Info.plist; sourceTree = "<group>"; };
		D57AA35883A92DE35DF4622CF3B3996D /* UIStoryboard+Ext.swift */ = {isa = PBXFileReference; lastKnownFileType = sourcecode.swift; path = "UIStoryboard+Ext.swift"; sourceTree = "<group>"; };
		E27ECEAA8FCBD4B641D54AAC707C0901 /* TimesApp.app */ = {isa = PBXFileReference; explicitFileType = wrapper.application; includeInIndex = 0; path = TimesApp.app; sourceTree = BUILT_PRODUCTS_DIR; };
		E8D383BECE63DB9D3E671432CE235225 /* Pods-TimesApp.debug.xcconfig */ = {isa = PBXFileReference; includeInIndex = 1; lastKnownFileType = text.xcconfig; name = "Pods-TimesApp.debug.xcconfig"; path = "Target Support Files/Pods-TimesApp/Pods-TimesApp.debug.xcconfig"; sourceTree = "<group>"; };
		ECB889932C39C4BC406FD87CD48934B9 /* TimesAppTests.xctest */ = {isa = PBXFileReference; explicitFileType = wrapper.cfbundle; includeInIndex = 0; path = TimesAppTests.xctest; sourceTree = BUILT_PRODUCTS_DIR; };
		F928EC5F779E9E00383462764B647F74 /* TableViewIdentifier.swift */ = {isa = PBXFileReference; lastKnownFileType = sourcecode.swift; path = TableViewIdentifier.swift; sourceTree = "<group>"; };
		FCDA376BD21DEEB2B2B341B28D52FCE0 /* EndPoints.swift */ = {isa = PBXFileReference; lastKnownFileType = sourcecode.swift; path = EndPoints.swift; sourceTree = "<group>"; };
/* End PBXFileReference section */

/* Begin PBXFrameworksBuildPhase section */
		96CF7753D75BD818E5E169A2CF6239D9 /* Frameworks */ = {
			isa = PBXFrameworksBuildPhase;
			buildActionMask = 2147483647;
			files = (
				48CAA6F16C4AF4B7B2CEC18930F0DCC8 /* Pods_TimesApp.framework in Frameworks */,
			);
			runOnlyForDeploymentPostprocessing = 0;
		};
		9DE8E2B4952C876EC80068B8474110D9 /* Frameworks */ = {
			isa = PBXFrameworksBuildPhase;
			buildActionMask = 2147483647;
			files = (
				D66E39EF30BD91F5C7F27C3712BA738E /* Pods_TimesAppTests.framework in Frameworks */,
			);
			runOnlyForDeploymentPostprocessing = 0;
		};
		CD8DB0ECDF4B9E27B586DB1571317572 /* Frameworks */ = {
			isa = PBXFrameworksBuildPhase;
			buildActionMask = 2147483647;
			files = (
			);
			runOnlyForDeploymentPostprocessing = 0;
		};
/* End PBXFrameworksBuildPhase section */

/* Begin PBXGroup section */
		0726CC586E4349E6C511CFCC626D8973 /* Network Manager */ = {
			isa = PBXGroup;
			children = (
				FCDA376BD21DEEB2B2B341B28D52FCE0 /* EndPoints.swift */,
				7C78DD318382CCE2D2EEE9C939BAFEAA /* NetworkManager.swift */,
			);
			path = "Network Manager";
			sourceTree = "<group>";
		};
		0DEF1949CD9A5C17ED12A76A91516A41 /* TimesAppUITests */ = {
			isa = PBXGroup;
			children = (
				67286B3CD03F162B12B3B22155FBD527 /* View Controllers */,
				2B3E602B7A0D6F84EC617F9DFF790E2B /* TimesAppUITestsLaunchTests.swift */,
			);
			path = TimesAppUITests;
			sourceTree = "<group>";
		};
		2BA7C22E5A1E191DD5EEAE837AB32DC7 /* Protocols */ = {
			isa = PBXGroup;
			children = (
				B237C73AADDEC55E78C64CDF026EBB12 /* Mockable.swift */,
			);
			path = Protocols;
			sourceTree = "<group>";
		};
		38DCFCD5B11AB9DF9D98A7739E2852A5 /* TimesAppTests */ = {
			isa = PBXGroup;
			children = (
				A41F94202889CF1B005C41F6 /* Json Response */,
				96491410FFF5CCAD79B245AAD57108D0 /* Network Manager */,
				9B55281F56215FB3493B3FED82E5AE4B /* Utils */,
				FFCA0F7CCFF68C66B309B4C24DB2A89C /* View Controllers */,
			);
			path = TimesAppTests;
			sourceTree = "<group>";
		};
		3F1154BCAC0DC94536343CC613C3718C /* Frameworks */ = {
			isa = PBXGroup;
			children = (
				722D226D45EB0B56EE9877917F7E9C8E /* Pods_TimesApp.framework */,
				CCDB5B31B48D6C2D64053B08168F8F4B /* Pods_TimesAppTests.framework */,
			);
			name = Frameworks;
			sourceTree = "<group>";
		};
		50EF20DF1255408918CE4B71B185EE3F /* Pods */ = {
			isa = PBXGroup;
			children = (
				E8D383BECE63DB9D3E671432CE235225 /* Pods-TimesApp.debug.xcconfig */,
				1A3FA828CE682522E2493F6E6C100210 /* Pods-TimesApp.release.xcconfig */,
				C62C01AE00906D136D8FF43005C8D552 /* Pods-TimesAppTests.debug.xcconfig */,
				309D8022E4CF2A28F0C27D2D9BD2C4A7 /* Pods-TimesAppTests.release.xcconfig */,
			);
			path = Pods;
			sourceTree = "<group>";
		};
		67286B3CD03F162B12B3B22155FBD527 /* View Controllers */ = {
			isa = PBXGroup;
			children = (
				9E6E583866B290B5F9FD941CC3060319 /* NewsListVC */,
			);
			path = "View Controllers";
			sourceTree = "<group>";
		};
		76B57AC440E5C1B736DCA713C49AFB9E /* TimesApp */ = {
			isa = PBXGroup;
			children = (
				CADA199145648D4412FBDBD4D7CAF536 /* Utils */,
				0726CC586E4349E6C511CFCC626D8973 /* Network Manager */,
				FEA2666260783D4A4383653A6BF53E3E /* Model */,
				EDED9931C5BC6B4459AF2AAEF71AAAA3 /* View Model */,
				FD612187D9EF449BE74E7E53DE3B1EA1 /* View Controllers */,
				72E0D1AFAA5E0EC7BBEFEB408CC93C95 /* AppDelegate.swift */,
				51CB76230D855E8A4A5F1A79BB62AC4B /* SceneDelegate.swift */,
				CC4FCD41560C356391650CAE8BF562B4 /* Assets.xcassets */,
				D08520C2C2019DC2FA640D87FE996A03 /* Info.plist */,
				EA3F1A7DC71AFC7CCD027A884C7E886F /* LaunchScreen.storyboard */,
				42758595B943E4EE930063DE3854B159 /* Main.storyboard */,
			);
			path = TimesApp;
			sourceTree = "<group>";
		};
		96491410FFF5CCAD79B245AAD57108D0 /* Network Manager */ = {
			isa = PBXGroup;
			children = (
				B8B4AB7948D26438F4B51E02AEC4AC1C /* MockNetworkManager.swift */,
			);
			path = "Network Manager";
			sourceTree = "<group>";
		};
		9B55281F56215FB3493B3FED82E5AE4B /* Utils */ = {
			isa = PBXGroup;
			children = (
				A41F94222889CFDD005C41F6 /* Constants */,
				2BA7C22E5A1E191DD5EEAE837AB32DC7 /* Protocols */,
			);
			path = Utils;
			sourceTree = "<group>";
		};
		9E6E583866B290B5F9FD941CC3060319 /* NewsListVC */ = {
			isa = PBXGroup;
			children = (
				BD58915F94F0E66A79DAD76042DA4002 /* NewsListUITests.swift */,
			);
			path = NewsListVC;
			sourceTree = "<group>";
		};
		9ED8402C747395A2275F81924E02CDF6 /* NewsListVC */ = {
			isa = PBXGroup;
			children = (
				8EA8C042D883BF446EB15AA5B4495326 /* NewsListVM.swift */,
			);
			path = NewsListVC;
			sourceTree = "<group>";
		};
		A1321FD05AA0AE7DC0B45C36661476CD /* Protocols */ = {
			isa = PBXGroup;
			children = (
				D57AA35883A92DE35DF4622CF3B3996D /* UIStoryboard+Ext.swift */,
			);
			path = Protocols;
			sourceTree = "<group>";
		};
		A41F94202889CF1B005C41F6 /* Json Response */ = {
			isa = PBXGroup;
			children = (
				0F3619BC9C68DF6D06CB9E5DAF774E41 /* News.json */,
			);
			path = "Json Response";
			sourceTree = "<group>";
		};
		A41F94222889CFDD005C41F6 /* Constants */ = {
			isa = PBXGroup;
			children = (
				A41F94232889CFF2005C41F6 /* MockConstants.swift */,
			);
			path = Constants;
			sourceTree = "<group>";
		};
		AEBDD90448B91AFA08D4E5898F1C9FE4 /* Products */ = {
			isa = PBXGroup;
			children = (
				E27ECEAA8FCBD4B641D54AAC707C0901 /* TimesApp.app */,
				ECB889932C39C4BC406FD87CD48934B9 /* TimesAppTests.xctest */,
				6EA4484145A9FD84CDC4CD187687A317 /* TimesAppUITests.xctest */,
			);
			name = Products;
			sourceTree = "<group>";
		};
		CADA199145648D4412FBDBD4D7CAF536 /* Utils */ = {
			isa = PBXGroup;
			children = (
				F9B0DBD480C9722D1811E2EC606D9592 /* Constants */,
				E90AE3415B8657EF58E2FEFFEBD2D382 /* Extensions */,
				A1321FD05AA0AE7DC0B45C36661476CD /* Protocols */,
			);
			path = Utils;
			sourceTree = "<group>";
		};
		CF7556D29CC4DDB57233EEAB3925BA1D = {
			isa = PBXGroup;
			children = (
				76B57AC440E5C1B736DCA713C49AFB9E /* TimesApp */,
				38DCFCD5B11AB9DF9D98A7739E2852A5 /* TimesAppTests */,
				0DEF1949CD9A5C17ED12A76A91516A41 /* TimesAppUITests */,
				3F1154BCAC0DC94536343CC613C3718C /* Frameworks */,
				50EF20DF1255408918CE4B71B185EE3F /* Pods */,
				AEBDD90448B91AFA08D4E5898F1C9FE4 /* Products */,
				2A381E973302A034FB470BDD5D253E8D /* .swiftlint.yml */,
			);
			sourceTree = "<group>";
		};
		E2376DA3E4D34A25D00708D9B592D91A /* NewsListVC */ = {
			isa = PBXGroup;
			children = (
				FBDA82121E4B821CA4907FF59CE86DD8 /* Custom Views */,
				87984AF933481BEF1E854F8581AB3E4E /* NewsListVC.swift */,
			);
			path = NewsListVC;
			sourceTree = "<group>";
		};
		E291A2AFFA3F30167C67BC34533D15C0 /* NewsListVC */ = {
			isa = PBXGroup;
			children = (
				1B625668BF883AFF48C154501DF32DC0 /* NewsListVCTests.swift */,
				38BE3FA6ACA09BCF3A7A4C0964EBA440 /* NewsListVMTests.swift */,
			);
			path = NewsListVC;
			sourceTree = "<group>";
		};
		E90AE3415B8657EF58E2FEFFEBD2D382 /* Extensions */ = {
			isa = PBXGroup;
			children = (
				61098F918C85CE4810A57912F162B043 /* StringProtocol+Ext.swift */,
				49CB56F57CB3200812A23DBF42398264 /* UITableView+Ext.swift */,
				2630101D2E627A4B800996C284DAAA00 /* UITableViewCell+Ext.swift */,
				06CE1E42034059ED560BCAA747D963C4 /* UIView+Ext.swift */,
			);
			path = Extensions;
			sourceTree = "<group>";
		};
		EDED9931C5BC6B4459AF2AAEF71AAAA3 /* View Model */ = {
			isa = PBXGroup;
			children = (
				9ED8402C747395A2275F81924E02CDF6 /* NewsListVC */,
			);
			path = "View Model";
			sourceTree = "<group>";
		};
		F9B0DBD480C9722D1811E2EC606D9592 /* Constants */ = {
			isa = PBXGroup;
			children = (
				A41F941A2889CC63005C41F6 /* Constants.swift */,
				9ACDDECF58423110F6D089B364B1686F /* AccessibilityIdentifier.swift */,
				F928EC5F779E9E00383462764B647F74 /* TableViewIdentifier.swift */,
			);
			path = Constants;
			sourceTree = "<group>";
		};
		FBDA82121E4B821CA4907FF59CE86DD8 /* Custom Views */ = {
			isa = PBXGroup;
			children = (
				78410A2BADB44808157A5354F8911C29 /* NewsTVCell.swift */,
				CC2767515DC47FEFDF46608BA2B4817F /* NewsTVCell.xib */,
			);
			path = "Custom Views";
			sourceTree = "<group>";
		};
		FD612187D9EF449BE74E7E53DE3B1EA1 /* View Controllers */ = {
			isa = PBXGroup;
			children = (
				E2376DA3E4D34A25D00708D9B592D91A /* NewsListVC */,
				80FB344060E7E234714E376B6AEBCBA4 /* BaseVC.swift */,
			);
			path = "View Controllers";
			sourceTree = "<group>";
		};
		FEA2666260783D4A4383653A6BF53E3E /* Model */ = {
			isa = PBXGroup;
			children = (
				AA88AA4D92518996BFB74887462E04E1 /* NewsList.swift */,
			);
			path = Model;
			sourceTree = "<group>";
		};
		FFCA0F7CCFF68C66B309B4C24DB2A89C /* View Controllers */ = {
			isa = PBXGroup;
			children = (
				A4FFC375288A9C2500FA4D5C /* NetworkManagerTests.swift */,
				E291A2AFFA3F30167C67BC34533D15C0 /* NewsListVC */,
			);
			path = "View Controllers";
			sourceTree = "<group>";
		};
/* End PBXGroup section */

/* Begin PBXNativeTarget section */
		567EFA28F5B7432A52963D6B99783844 /* TimesApp */ = {
			isa = PBXNativeTarget;
			buildConfigurationList = B7FD4D54BEF4F237E9C48F153409236C /* Build configuration list for PBXNativeTarget "TimesApp" */;
			buildPhases = (
				EBAF1AE85994330545037E8BE190AC37 /* [CP] Check Pods Manifest.lock */,
				87D49FAF722D8FA55D2020ECAC6642D6 /* Sources */,
				96CF7753D75BD818E5E169A2CF6239D9 /* Frameworks */,
				18DA1A6FDB697F44F4AEAEA35424168E /* Resources */,
				C188321C6DB42350D812863D856FA96C /* SwiftLint */,
				2324945E6D68F8D3F280612FE6E24C78 /* [CP] Embed Pods Frameworks */,
			);
			buildRules = (
			);
			dependencies = (
			);
			name = TimesApp;
			productName = TimesApp;
			productReference = E27ECEAA8FCBD4B641D54AAC707C0901 /* TimesApp.app */;
			productType = "com.apple.product-type.application";
		};
		74E95203C6EB9C8B5CE713E7477984D9 /* TimesAppUITests */ = {
			isa = PBXNativeTarget;
			buildConfigurationList = AFF3AFA9FFDB2EF3B9DD515B3CD6C087 /* Build configuration list for PBXNativeTarget "TimesAppUITests" */;
			buildPhases = (
				13723A69776C0655A99884EC0EA3B494 /* Sources */,
				CD8DB0ECDF4B9E27B586DB1571317572 /* Frameworks */,
				1D3EEF33D45EEB8FDA531F29CCCB8FB9 /* Resources */,
			);
			buildRules = (
			);
			dependencies = (
				0748BEC15E0BF73260E5851E96A2B164 /* PBXTargetDependency */,
			);
			name = TimesAppUITests;
			productName = TimesAppUITests;
			productReference = 6EA4484145A9FD84CDC4CD187687A317 /* TimesAppUITests.xctest */;
			productType = "com.apple.product-type.bundle.ui-testing";
		};
		CAB70DE4006C10EB1034161638606F25 /* TimesAppTests */ = {
			isa = PBXNativeTarget;
			buildConfigurationList = B4975DC8B159AF64F1683D3A8A6B0850 /* Build configuration list for PBXNativeTarget "TimesAppTests" */;
			buildPhases = (
				15316DD99DEBE2B28FFD2385DE399C67 /* [CP] Check Pods Manifest.lock */,
				A85A03CD478E9D53932D44A57F2A6626 /* Sources */,
				9DE8E2B4952C876EC80068B8474110D9 /* Frameworks */,
				01039FF928221E5624C13BD51CD9C8FF /* Resources */,
				03066FAC5F9C701A80D166F157893B24 /* [CP] Embed Pods Frameworks */,
			);
			buildRules = (
			);
			dependencies = (
				3DFCDDA5888BED7085BD8F267C3AE668 /* PBXTargetDependency */,
			);
			name = TimesAppTests;
			productName = TimesAppTests;
			productReference = ECB889932C39C4BC406FD87CD48934B9 /* TimesAppTests.xctest */;
			productType = "com.apple.product-type.bundle.unit-test";
		};
/* End PBXNativeTarget section */

/* Begin PBXProject section */
		09031419B431DF971039E178FA77C8C8 /* Project object */ = {
			isa = PBXProject;
			attributes = {
				BuildIndependentTargetsInParallel = 1;
				LastSwiftUpdateCheck = 1340;
				LastUpgradeCheck = 1340;
				TargetAttributes = {
					567EFA28F5B7432A52963D6B99783844 = {
						CreatedOnToolsVersion = 13.4;
					};
					74E95203C6EB9C8B5CE713E7477984D9 = {
						CreatedOnToolsVersion = 13.4;
						TestTargetID = 567EFA28F5B7432A52963D6B99783844;
					};
					CAB70DE4006C10EB1034161638606F25 = {
						CreatedOnToolsVersion = 13.4;
						TestTargetID = 567EFA28F5B7432A52963D6B99783844;
					};
				};
			};
			buildConfigurationList = BB93C93B22713CA60204B749C1A30572 /* Build configuration list for PBXProject "TimesApp" */;
			compatibilityVersion = "Xcode 13.0";
			developmentRegion = en;
			hasScannedForEncodings = 0;
			knownRegions = (
				en,
				Base,
			);
			mainGroup = CF7556D29CC4DDB57233EEAB3925BA1D;
			productRefGroup = AEBDD90448B91AFA08D4E5898F1C9FE4 /* Products */;
			projectDirPath = "";
			projectRoot = "";
			targets = (
				567EFA28F5B7432A52963D6B99783844 /* TimesApp */,
				CAB70DE4006C10EB1034161638606F25 /* TimesAppTests */,
				74E95203C6EB9C8B5CE713E7477984D9 /* TimesAppUITests */,
			);
		};
/* End PBXProject section */

/* Begin PBXResourcesBuildPhase section */
		01039FF928221E5624C13BD51CD9C8FF /* Resources */ = {
			isa = PBXResourcesBuildPhase;
			buildActionMask = 2147483647;
			files = (
				DDD03A0F812AF94896EACBBE59024D58 /* News.json in Resources */,
			);
			runOnlyForDeploymentPostprocessing = 0;
		};
		18DA1A6FDB697F44F4AEAEA35424168E /* Resources */ = {
			isa = PBXResourcesBuildPhase;
			buildActionMask = 2147483647;
			files = (
				D7B6DF7A8D15C61E54DA5C302DEE8E76 /* .swiftlint.yml in Resources */,
				67581DF5843CF29F692A743F048B3BA8 /* Assets.xcassets in Resources */,
				502D89E95C9F855C2DDE94F0356AABA0 /* LaunchScreen.storyboard in Resources */,
				F7214EAD150A8664FD6668ECC04E89D2 /* Main.storyboard in Resources */,
				1D1183CDC3D13311BD45186973CF92B0 /* NewsTVCell.xib in Resources */,
			);
			runOnlyForDeploymentPostprocessing = 0;
		};
		1D3EEF33D45EEB8FDA531F29CCCB8FB9 /* Resources */ = {
			isa = PBXResourcesBuildPhase;
			buildActionMask = 2147483647;
			files = (
			);
			runOnlyForDeploymentPostprocessing = 0;
		};
/* End PBXResourcesBuildPhase section */

/* Begin PBXShellScriptBuildPhase section */
		03066FAC5F9C701A80D166F157893B24 /* [CP] Embed Pods Frameworks */ = {
			isa = PBXShellScriptBuildPhase;
			buildActionMask = 2147483647;
			files = (
			);
			inputFileListPaths = (
				"${PODS_ROOT}/Target Support Files/Pods-TimesAppTests/Pods-TimesAppTests-frameworks-${CONFIGURATION}-input-files.xcfilelist",
			);
			name = "[CP] Embed Pods Frameworks";
			outputFileListPaths = (
				"${PODS_ROOT}/Target Support Files/Pods-TimesAppTests/Pods-TimesAppTests-frameworks-${CONFIGURATION}-output-files.xcfilelist",
			);
			runOnlyForDeploymentPostprocessing = 0;
			shellPath = /bin/sh;
			shellScript = "\"${PODS_ROOT}/Target Support Files/Pods-TimesAppTests/Pods-TimesAppTests-frameworks.sh\"\n";
			showEnvVarsInLog = 0;
		};
		15316DD99DEBE2B28FFD2385DE399C67 /* [CP] Check Pods Manifest.lock */ = {
			isa = PBXShellScriptBuildPhase;
			buildActionMask = 2147483647;
			files = (
			);
			inputFileListPaths = (
			);
			inputPaths = (
				"${PODS_PODFILE_DIR_PATH}/Podfile.lock",
				"${PODS_ROOT}/Manifest.lock",
			);
			name = "[CP] Check Pods Manifest.lock";
			outputFileListPaths = (
			);
			outputPaths = (
				"$(DERIVED_FILE_DIR)/Pods-TimesAppTests-checkManifestLockResult.txt",
			);
			runOnlyForDeploymentPostprocessing = 0;
			shellPath = /bin/sh;
			shellScript = "diff \"${PODS_PODFILE_DIR_PATH}/Podfile.lock\" \"${PODS_ROOT}/Manifest.lock\" > /dev/null\nif [ $? != 0 ] ; then\n    # print error to STDERR\n    echo \"error: The sandbox is not in sync with the Podfile.lock. Run 'pod install' or update your CocoaPods installation.\" >&2\n    exit 1\nfi\n# This output is used by Xcode 'outputs' to avoid re-running this script phase.\necho \"SUCCESS\" > \"${SCRIPT_OUTPUT_FILE_0}\"\n";
			showEnvVarsInLog = 0;
		};
		2324945E6D68F8D3F280612FE6E24C78 /* [CP] Embed Pods Frameworks */ = {
			isa = PBXShellScriptBuildPhase;
			buildActionMask = 2147483647;
			files = (
			);
			inputFileListPaths = (
				"${PODS_ROOT}/Target Support Files/Pods-TimesApp/Pods-TimesApp-frameworks-${CONFIGURATION}-input-files.xcfilelist",
			);
			name = "[CP] Embed Pods Frameworks";
			outputFileListPaths = (
				"${PODS_ROOT}/Target Support Files/Pods-TimesApp/Pods-TimesApp-frameworks-${CONFIGURATION}-output-files.xcfilelist",
			);
			runOnlyForDeploymentPostprocessing = 0;
			shellPath = /bin/sh;
			shellScript = "\"${PODS_ROOT}/Target Support Files/Pods-TimesApp/Pods-TimesApp-frameworks.sh\"\n";
			showEnvVarsInLog = 0;
		};
		C188321C6DB42350D812863D856FA96C /* SwiftLint */ = {
			isa = PBXShellScriptBuildPhase;
			buildActionMask = 2147483647;
			files = (
			);
			inputFileListPaths = (
			);
			inputPaths = (
			);
			name = SwiftLint;
			outputFileListPaths = (
			);
			outputPaths = (
			);
			runOnlyForDeploymentPostprocessing = 0;
			shellPath = /bin/sh;
			shellScript = "export PATH=\"$PATH:/opt/homebrew/bin\"\nif which swiftlint > /dev/null; then\n  swiftlint\nelse\n  echo \"warning: SwiftLint not installed, download from https://github.com/realm/SwiftLint\"\nfi\n";
		};
		EBAF1AE85994330545037E8BE190AC37 /* [CP] Check Pods Manifest.lock */ = {
			isa = PBXShellScriptBuildPhase;
			buildActionMask = 2147483647;
			files = (
			);
			inputFileListPaths = (
			);
			inputPaths = (
				"${PODS_PODFILE_DIR_PATH}/Podfile.lock",
				"${PODS_ROOT}/Manifest.lock",
			);
			name = "[CP] Check Pods Manifest.lock";
			outputFileListPaths = (
			);
			outputPaths = (
				"$(DERIVED_FILE_DIR)/Pods-TimesApp-checkManifestLockResult.txt",
			);
			runOnlyForDeploymentPostprocessing = 0;
			shellPath = /bin/sh;
			shellScript = "diff \"${PODS_PODFILE_DIR_PATH}/Podfile.lock\" \"${PODS_ROOT}/Manifest.lock\" > /dev/null\nif [ $? != 0 ] ; then\n    # print error to STDERR\n    echo \"error: The sandbox is not in sync with the Podfile.lock. Run 'pod install' or update your CocoaPods installation.\" >&2\n    exit 1\nfi\n# This output is used by Xcode 'outputs' to avoid re-running this script phase.\necho \"SUCCESS\" > \"${SCRIPT_OUTPUT_FILE_0}\"\n";
			showEnvVarsInLog = 0;
		};
/* End PBXShellScriptBuildPhase section */

/* Begin PBXSourcesBuildPhase section */
		13723A69776C0655A99884EC0EA3B494 /* Sources */ = {
			isa = PBXSourcesBuildPhase;
			buildActionMask = 2147483647;
			files = (
				91C6AE1F7386F7A3006629AA1304AD14 /* AccessibilityIdentifier.swift in Sources */,
				4032AA4050F0E8F67DF15E8E5536E099 /* NewsListUITests.swift in Sources */,
				F944FBE9CF01C015B51704ACE962792B /* TimesAppUITestsLaunchTests.swift in Sources */,
			);
			runOnlyForDeploymentPostprocessing = 0;
		};
		87D49FAF722D8FA55D2020ECAC6642D6 /* Sources */ = {
			isa = PBXSourcesBuildPhase;
			buildActionMask = 2147483647;
			files = (
				B47E14A38E9284FFFB730AA49B7EF079 /* AccessibilityIdentifier.swift in Sources */,
				EBBA4F598F5A9D642B262FCBA0C974FB /* AppDelegate.swift in Sources */,
				2E3C696175CDD2C0CF9958D76283970B /* BaseVC.swift in Sources */,
				8613532505258374D8DE955DE47A3A20 /* EndPoints.swift in Sources */,
				121261775A5E00FF88B2D9CBF6B61446 /* NetworkManager.swift in Sources */,
				EB2F0895710D0600F2401946332E5028 /* NewsList.swift in Sources */,
				5C13FC38780E3C79FABEA81475AB30B7 /* NewsListVC.swift in Sources */,
				997FADD3639AFEA5DF7F2098541C80DF /* NewsListVM.swift in Sources */,
				AB1A84E6EC224990D2D3A20FA753C4A6 /* NewsTVCell.swift in Sources */,
				BFB3D2C13627ACF49036E4B88E0BD4FD /* SceneDelegate.swift in Sources */,
				011E7D893727AE1CD3B9700FB62E0AF6 /* StringProtocol+Ext.swift in Sources */,
				521CE42AF604A81DC5AC9DE021E446ED /* TableViewIdentifier.swift in Sources */,
				24C56131A5A0F59FB938D1A684F835B8 /* UIStoryboard+Ext.swift in Sources */,
				E8491763823311AED94A4C889783C736 /* UITableView+Ext.swift in Sources */,
				FE72C4B9359C283D60E7C1E77ACA725B /* UITableViewCell+Ext.swift in Sources */,
				A41F941B2889CC63005C41F6 /* Constants.swift in Sources */,
				87A54EBD503D849A4AD066E0677D570A /* UIView+Ext.swift in Sources */,
			);
			runOnlyForDeploymentPostprocessing = 0;
		};
		A85A03CD478E9D53932D44A57F2A6626 /* Sources */ = {
			isa = PBXSourcesBuildPhase;
			buildActionMask = 2147483647;
			files = (
				A41F941F2889CF13005C41F6 /* NewsListVCTests.swift in Sources */,
				CB167FF87FEE4FF46AC7A34634F6CDF4 /* AccessibilityIdentifier.swift in Sources */,
				8039B49DDCA436D62A61EF478FC38CA8 /* MockNetworkManager.swift in Sources */,
				AED85CE36D6A27925C80A60D3A27DD2B /* Mockable.swift in Sources */,
				A4FFC376288A9C2500FA4D5C /* NetworkManagerTests.swift in Sources */,
				98C03867BF37517380E341BE9A7CB2D5 /* NewsListVMTests.swift in Sources */,
				A41F94242889CFF2005C41F6 /* MockConstants.swift in Sources */,
			);
			runOnlyForDeploymentPostprocessing = 0;
		};
/* End PBXSourcesBuildPhase section */

/* Begin PBXTargetDependency section */
		0748BEC15E0BF73260E5851E96A2B164 /* PBXTargetDependency */ = {
			isa = PBXTargetDependency;
			target = 567EFA28F5B7432A52963D6B99783844 /* TimesApp */;
			targetProxy = AC59B2CBAA78B03E97C778461FD1F2E0 /* PBXContainerItemProxy */;
		};
		3DFCDDA5888BED7085BD8F267C3AE668 /* PBXTargetDependency */ = {
			isa = PBXTargetDependency;
			target = 567EFA28F5B7432A52963D6B99783844 /* TimesApp */;
			targetProxy = 3AAC5B6F9C3081B567D7C028137CEC70 /* PBXContainerItemProxy */;
		};
/* End PBXTargetDependency section */

/* Begin PBXVariantGroup section */
		42758595B943E4EE930063DE3854B159 /* Main.storyboard */ = {
			isa = PBXVariantGroup;
			children = (
				703BCA9905F238EA60F0A470846870B1 /* Base */,
			);
			name = Main.storyboard;
			sourceTree = "<group>";
		};
		EA3F1A7DC71AFC7CCD027A884C7E886F /* LaunchScreen.storyboard */ = {
			isa = PBXVariantGroup;
			children = (
				CC3434A8531D5F47310B57B26C81192F /* Base */,
			);
			name = LaunchScreen.storyboard;
			sourceTree = "<group>";
		};
/* End PBXVariantGroup section */

/* Begin XCBuildConfiguration section */
		020A8B75BC3DA1DE81ADA0E92F2945C7 /* Debug */ = {
			isa = XCBuildConfiguration;
			baseConfigurationReference = C62C01AE00906D136D8FF43005C8D552 /* Pods-TimesAppTests.debug.xcconfig */;
			buildSettings = {
				BUNDLE_LOADER = "$(TEST_HOST)";
				CODE_SIGN_STYLE = Automatic;
				CURRENT_PROJECT_VERSION = 1;
				GENERATE_INFOPLIST_FILE = YES;
				MARKETING_VERSION = 1.0;
				PRODUCT_BUNDLE_IDENTIFIER = com.publicsSapient.TimesAppTests;
				PRODUCT_NAME = "$(TARGET_NAME)";
				SWIFT_EMIT_LOC_STRINGS = NO;
				SWIFT_VERSION = 5.0;
				TARGETED_DEVICE_FAMILY = "1,2";
				TEST_HOST = "$(BUILT_PRODUCTS_DIR)/TimesApp.app/TimesApp";
			};
			name = Debug;
		};
		5D5EF705946CC6B5D84ED325E17C537D /* Debug */ = {
			isa = XCBuildConfiguration;
			buildSettings = {
				CODE_SIGN_STYLE = Automatic;
				CURRENT_PROJECT_VERSION = 1;
				GENERATE_INFOPLIST_FILE = YES;
				MARKETING_VERSION = 1.0;
				PRODUCT_BUNDLE_IDENTIFIER = com.publicsSapient.TimesAppUITests;
				PRODUCT_NAME = "$(TARGET_NAME)";
				SWIFT_EMIT_LOC_STRINGS = NO;
				SWIFT_VERSION = 5.0;
				TARGETED_DEVICE_FAMILY = "1,2";
				TEST_TARGET_NAME = TimesApp;
			};
			name = Debug;
		};
		8B6485690B4129D144E56C45631B2025 /* Release */ = {
			isa = XCBuildConfiguration;
			baseConfigurationReference = 309D8022E4CF2A28F0C27D2D9BD2C4A7 /* Pods-TimesAppTests.release.xcconfig */;
			buildSettings = {
				BUNDLE_LOADER = "$(TEST_HOST)";
				CODE_SIGN_STYLE = Automatic;
				CURRENT_PROJECT_VERSION = 1;
				GENERATE_INFOPLIST_FILE = YES;
				MARKETING_VERSION = 1.0;
				PRODUCT_BUNDLE_IDENTIFIER = com.publicsSapient.TimesAppTests;
				PRODUCT_NAME = "$(TARGET_NAME)";
				SWIFT_EMIT_LOC_STRINGS = NO;
				SWIFT_VERSION = 5.0;
				TARGETED_DEVICE_FAMILY = "1,2";
				TEST_HOST = "$(BUILT_PRODUCTS_DIR)/TimesApp.app/TimesApp";
			};
			name = Release;
		};
		987DB7182AFEBAC4291CFCECDD15194D /* Release */ = {
			isa = XCBuildConfiguration;
			buildSettings = {
				CODE_SIGN_STYLE = Automatic;
				CURRENT_PROJECT_VERSION = 1;
				GENERATE_INFOPLIST_FILE = YES;
				MARKETING_VERSION = 1.0;
				PRODUCT_BUNDLE_IDENTIFIER = com.publicsSapient.TimesAppUITests;
				PRODUCT_NAME = "$(TARGET_NAME)";
				SWIFT_EMIT_LOC_STRINGS = NO;
				SWIFT_VERSION = 5.0;
				TARGETED_DEVICE_FAMILY = "1,2";
				TEST_TARGET_NAME = TimesApp;
			};
			name = Release;
		};
		9A5FA8C809875DC517E48F7CD1B9444C /* Release */ = {
			isa = XCBuildConfiguration;
			buildSettings = {
				ALWAYS_SEARCH_USER_PATHS = NO;
				CLANG_ANALYZER_NONNULL = YES;
				CLANG_ANALYZER_NUMBER_OBJECT_CONVERSION = YES_AGGRESSIVE;
				CLANG_CXX_LANGUAGE_STANDARD = "gnu++17";
				CLANG_ENABLE_MODULES = YES;
				CLANG_ENABLE_OBJC_ARC = YES;
				CLANG_ENABLE_OBJC_WEAK = YES;
				CLANG_WARN_BLOCK_CAPTURE_AUTORELEASING = YES;
				CLANG_WARN_BOOL_CONVERSION = YES;
				CLANG_WARN_COMMA = YES;
				CLANG_WARN_CONSTANT_CONVERSION = YES;
				CLANG_WARN_DEPRECATED_OBJC_IMPLEMENTATIONS = YES;
				CLANG_WARN_DIRECT_OBJC_ISA_USAGE = YES_ERROR;
				CLANG_WARN_DOCUMENTATION_COMMENTS = YES;
				CLANG_WARN_EMPTY_BODY = YES;
				CLANG_WARN_ENUM_CONVERSION = YES;
				CLANG_WARN_INFINITE_RECURSION = YES;
				CLANG_WARN_INT_CONVERSION = YES;
				CLANG_WARN_NON_LITERAL_NULL_CONVERSION = YES;
				CLANG_WARN_OBJC_IMPLICIT_RETAIN_SELF = YES;
				CLANG_WARN_OBJC_LITERAL_CONVERSION = YES;
				CLANG_WARN_OBJC_ROOT_CLASS = YES_ERROR;
				CLANG_WARN_QUOTED_INCLUDE_IN_FRAMEWORK_HEADER = YES;
				CLANG_WARN_RANGE_LOOP_ANALYSIS = YES;
				CLANG_WARN_STRICT_PROTOTYPES = YES;
				CLANG_WARN_SUSPICIOUS_MOVE = YES;
				CLANG_WARN_UNGUARDED_AVAILABILITY = YES_AGGRESSIVE;
				CLANG_WARN_UNREACHABLE_CODE = YES;
				CLANG_WARN__DUPLICATE_METHOD_MATCH = YES;
				COPY_PHASE_STRIP = NO;
				DEBUG_INFORMATION_FORMAT = "dwarf-with-dsym";
				ENABLE_NS_ASSERTIONS = NO;
				ENABLE_STRICT_OBJC_MSGSEND = YES;
				GCC_C_LANGUAGE_STANDARD = gnu11;
				GCC_NO_COMMON_BLOCKS = YES;
				GCC_WARN_64_TO_32_BIT_CONVERSION = YES;
				GCC_WARN_ABOUT_RETURN_TYPE = YES_ERROR;
				GCC_WARN_UNDECLARED_SELECTOR = YES;
				GCC_WARN_UNINITIALIZED_AUTOS = YES_AGGRESSIVE;
				GCC_WARN_UNUSED_FUNCTION = YES;
				GCC_WARN_UNUSED_VARIABLE = YES;
				IPHONEOS_DEPLOYMENT_TARGET = 15.5;
				MTL_ENABLE_DEBUG_INFO = NO;
				MTL_FAST_MATH = YES;
				SDKROOT = iphoneos;
				SWIFT_COMPILATION_MODE = wholemodule;
				SWIFT_OPTIMIZATION_LEVEL = "-O";
				VALIDATE_PRODUCT = YES;
			};
			name = Release;
		};
		A98FAEDAF6671513209FE5AEB15F5BCB /* Release */ = {
			isa = XCBuildConfiguration;
			baseConfigurationReference = 1A3FA828CE682522E2493F6E6C100210 /* Pods-TimesApp.release.xcconfig */;
			buildSettings = {
				ASSETCATALOG_COMPILER_APPICON_NAME = AppIcon;
				ASSETCATALOG_COMPILER_GLOBAL_ACCENT_COLOR_NAME = AccentColor;
				CODE_SIGN_STYLE = Automatic;
				CURRENT_PROJECT_VERSION = 1;
				GENERATE_INFOPLIST_FILE = YES;
				INFOPLIST_FILE = TimesApp/Info.plist;
				INFOPLIST_KEY_UIApplicationSupportsIndirectInputEvents = YES;
				INFOPLIST_KEY_UILaunchStoryboardName = LaunchScreen;
				INFOPLIST_KEY_UIMainStoryboardFile = Main;
				INFOPLIST_KEY_UISupportedInterfaceOrientations_iPad = "UIInterfaceOrientationPortrait UIInterfaceOrientationPortraitUpsideDown UIInterfaceOrientationLandscapeLeft UIInterfaceOrientationLandscapeRight";
				INFOPLIST_KEY_UISupportedInterfaceOrientations_iPhone = "UIInterfaceOrientationPortrait UIInterfaceOrientationLandscapeLeft UIInterfaceOrientationLandscapeRight";
				LD_RUNPATH_SEARCH_PATHS = (
					"$(inherited)",
					"@executable_path/Frameworks",
				);
				MARKETING_VERSION = 1.0;
				PRODUCT_BUNDLE_IDENTIFIER = com.publicsSapient.TimesApp;
				PRODUCT_NAME = "$(TARGET_NAME)";
				SWIFT_EMIT_LOC_STRINGS = YES;
				SWIFT_VERSION = 5.0;
				TARGETED_DEVICE_FAMILY = "1,2";
			};
			name = Release;
		};
		CAE538722B5D455631612CFAF91A560B /* Debug */ = {
			isa = XCBuildConfiguration;
			buildSettings = {
				ALWAYS_SEARCH_USER_PATHS = NO;
				CLANG_ANALYZER_NONNULL = YES;
				CLANG_ANALYZER_NUMBER_OBJECT_CONVERSION = YES_AGGRESSIVE;
				CLANG_CXX_LANGUAGE_STANDARD = "gnu++17";
				CLANG_ENABLE_MODULES = YES;
				CLANG_ENABLE_OBJC_ARC = YES;
				CLANG_ENABLE_OBJC_WEAK = YES;
				CLANG_WARN_BLOCK_CAPTURE_AUTORELEASING = YES;
				CLANG_WARN_BOOL_CONVERSION = YES;
				CLANG_WARN_COMMA = YES;
				CLANG_WARN_CONSTANT_CONVERSION = YES;
				CLANG_WARN_DEPRECATED_OBJC_IMPLEMENTATIONS = YES;
				CLANG_WARN_DIRECT_OBJC_ISA_USAGE = YES_ERROR;
				CLANG_WARN_DOCUMENTATION_COMMENTS = YES;
				CLANG_WARN_EMPTY_BODY = YES;
				CLANG_WARN_ENUM_CONVERSION = YES;
				CLANG_WARN_INFINITE_RECURSION = YES;
				CLANG_WARN_INT_CONVERSION = YES;
				CLANG_WARN_NON_LITERAL_NULL_CONVERSION = YES;
				CLANG_WARN_OBJC_IMPLICIT_RETAIN_SELF = YES;
				CLANG_WARN_OBJC_LITERAL_CONVERSION = YES;
				CLANG_WARN_OBJC_ROOT_CLASS = YES_ERROR;
				CLANG_WARN_QUOTED_INCLUDE_IN_FRAMEWORK_HEADER = YES;
				CLANG_WARN_RANGE_LOOP_ANALYSIS = YES;
				CLANG_WARN_STRICT_PROTOTYPES = YES;
				CLANG_WARN_SUSPICIOUS_MOVE = YES;
				CLANG_WARN_UNGUARDED_AVAILABILITY = YES_AGGRESSIVE;
				CLANG_WARN_UNREACHABLE_CODE = YES;
				CLANG_WARN__DUPLICATE_METHOD_MATCH = YES;
				COPY_PHASE_STRIP = NO;
				DEBUG_INFORMATION_FORMAT = dwarf;
				ENABLE_STRICT_OBJC_MSGSEND = YES;
				ENABLE_TESTABILITY = YES;
				GCC_C_LANGUAGE_STANDARD = gnu11;
				GCC_DYNAMIC_NO_PIC = NO;
				GCC_NO_COMMON_BLOCKS = YES;
				GCC_OPTIMIZATION_LEVEL = 0;
				GCC_PREPROCESSOR_DEFINITIONS = (
					"DEBUG=1",
					"$(inherited)",
				);
				GCC_WARN_64_TO_32_BIT_CONVERSION = YES;
				GCC_WARN_ABOUT_RETURN_TYPE = YES_ERROR;
				GCC_WARN_UNDECLARED_SELECTOR = YES;
				GCC_WARN_UNINITIALIZED_AUTOS = YES_AGGRESSIVE;
				GCC_WARN_UNUSED_FUNCTION = YES;
				GCC_WARN_UNUSED_VARIABLE = YES;
				IPHONEOS_DEPLOYMENT_TARGET = 15.5;
				MTL_ENABLE_DEBUG_INFO = INCLUDE_SOURCE;
				MTL_FAST_MATH = YES;
				ONLY_ACTIVE_ARCH = YES;
				SDKROOT = iphoneos;
				SWIFT_ACTIVE_COMPILATION_CONDITIONS = DEBUG;
				SWIFT_OPTIMIZATION_LEVEL = "-Onone";
			};
			name = Debug;
		};
		F14626EF7C66B5E72ACCA325883CFE7D /* Debug */ = {
			isa = XCBuildConfiguration;
			baseConfigurationReference = E8D383BECE63DB9D3E671432CE235225 /* Pods-TimesApp.debug.xcconfig */;
			buildSettings = {
				ASSETCATALOG_COMPILER_APPICON_NAME = AppIcon;
				ASSETCATALOG_COMPILER_GLOBAL_ACCENT_COLOR_NAME = AccentColor;
				CODE_SIGN_STYLE = Automatic;
				CURRENT_PROJECT_VERSION = 1;
				GENERATE_INFOPLIST_FILE = YES;
				INFOPLIST_FILE = TimesApp/Info.plist;
				INFOPLIST_KEY_UIApplicationSupportsIndirectInputEvents = YES;
				INFOPLIST_KEY_UILaunchStoryboardName = LaunchScreen;
				INFOPLIST_KEY_UIMainStoryboardFile = Main;
				INFOPLIST_KEY_UISupportedInterfaceOrientations_iPad = "UIInterfaceOrientationPortrait UIInterfaceOrientationPortraitUpsideDown UIInterfaceOrientationLandscapeLeft UIInterfaceOrientationLandscapeRight";
				INFOPLIST_KEY_UISupportedInterfaceOrientations_iPhone = "UIInterfaceOrientationPortrait UIInterfaceOrientationLandscapeLeft UIInterfaceOrientationLandscapeRight";
				LD_RUNPATH_SEARCH_PATHS = (
					"$(inherited)",
					"@executable_path/Frameworks",
				);
				MARKETING_VERSION = 1.0;
				PRODUCT_BUNDLE_IDENTIFIER = com.publicsSapient.TimesApp;
				PRODUCT_NAME = "$(TARGET_NAME)";
				SWIFT_EMIT_LOC_STRINGS = YES;
				SWIFT_VERSION = 5.0;
				TARGETED_DEVICE_FAMILY = "1,2";
			};
			name = Debug;
		};
/* End XCBuildConfiguration section */

/* Begin XCConfigurationList section */
		AFF3AFA9FFDB2EF3B9DD515B3CD6C087 /* Build configuration list for PBXNativeTarget "TimesAppUITests" */ = {
			isa = XCConfigurationList;
			buildConfigurations = (
				5D5EF705946CC6B5D84ED325E17C537D /* Debug */,
				987DB7182AFEBAC4291CFCECDD15194D /* Release */,
			);
			defaultConfigurationIsVisible = 0;
			defaultConfigurationName = Release;
		};
		B4975DC8B159AF64F1683D3A8A6B0850 /* Build configuration list for PBXNativeTarget "TimesAppTests" */ = {
			isa = XCConfigurationList;
			buildConfigurations = (
				020A8B75BC3DA1DE81ADA0E92F2945C7 /* Debug */,
				8B6485690B4129D144E56C45631B2025 /* Release */,
			);
			defaultConfigurationIsVisible = 0;
			defaultConfigurationName = Release;
		};
		B7FD4D54BEF4F237E9C48F153409236C /* Build configuration list for PBXNativeTarget "TimesApp" */ = {
			isa = XCConfigurationList;
			buildConfigurations = (
				F14626EF7C66B5E72ACCA325883CFE7D /* Debug */,
				A98FAEDAF6671513209FE5AEB15F5BCB /* Release */,
			);
			defaultConfigurationIsVisible = 0;
			defaultConfigurationName = Release;
		};
		BB93C93B22713CA60204B749C1A30572 /* Build configuration list for PBXProject "TimesApp" */ = {
			isa = XCConfigurationList;
			buildConfigurations = (
				CAE538722B5D455631612CFAF91A560B /* Debug */,
				9A5FA8C809875DC517E48F7CD1B9444C /* Release */,
			);
			defaultConfigurationIsVisible = 0;
			defaultConfigurationName = Release;
		};
/* End XCConfigurationList section */
	};
	rootObject = 09031419B431DF971039E178FA77C8C8 /* Project object */;
}
